// !$*UTF8*$!
{
	archiveVersion = 1;
	classes = {
	};
	objectVersion = 56;
	objects = {

/* Begin PBXBuildFile section */
		2239F41629FB554F00ACA779 /* carteamview.swift in Sources */ = {isa = PBXBuildFile; fileRef = 2239F41529FB554F00ACA779 /* carteamview.swift */; };
		2271FE9D2A043C5B0027BF41 /* ARScreenshotView.swift in Sources */ = {isa = PBXBuildFile; fileRef = 2271FE9C2A043C5A0027BF41 /* ARScreenshotView.swift */; };
		2271FE9E2A043C5B0027BF41 /* ARScreenshotView.swift in Sources */ = {isa = PBXBuildFile; fileRef = 2271FE9C2A043C5A0027BF41 /* ARScreenshotView.swift */; };
		2271FEA02A04B2F80027BF41 /* ergast.swift in Sources */ = {isa = PBXBuildFile; fileRef = 2271FE9F2A04B2F80027BF41 /* ergast.swift */; };
		2271FEA12A04B2F80027BF41 /* ergast.swift in Sources */ = {isa = PBXBuildFile; fileRef = 2271FE9F2A04B2F80027BF41 /* ergast.swift */; };
		2271FEA42A04B3FB0027BF41 /* ergastViewModel.swift in Sources */ = {isa = PBXBuildFile; fileRef = 2271FEA32A04B3FB0027BF41 /* ergastViewModel.swift */; };
		2271FEA52A04B3FB0027BF41 /* ergastViewModel.swift in Sources */ = {isa = PBXBuildFile; fileRef = 2271FEA32A04B3FB0027BF41 /* ergastViewModel.swift */; };
		22AD4BBC2A0C322C002CCF7D /* testnav.swift in Sources */ = {isa = PBXBuildFile; fileRef = 22AD4BBB2A0C322C002CCF7D /* testnav.swift */; };
		22AD4BC02A0C4028002CCF7D /* Localizable.strings in Resources */ = {isa = PBXBuildFile; fileRef = 22AD4BC22A0C4028002CCF7D /* Localizable.strings */; };
		7A2DFD842A08FF3D00CCE5C1 /* ferrari.usdz in Resources */ = {isa = PBXBuildFile; fileRef = 7A2DFD832A08FF3D00CCE5C1 /* ferrari.usdz */; };
		7A408F7429E2C4D2009B0304 /* ErrorHandler.swift in Sources */ = {isa = PBXBuildFile; fileRef = 7A408F7329E2C4D2009B0304 /* ErrorHandler.swift */; };
		7A408F7829E2C600009B0304 /* LoginRequestBody.swift in Sources */ = {isa = PBXBuildFile; fileRef = 7A408F7729E2C600009B0304 /* LoginRequestBody.swift */; };
		7A408F7A29E2C61A009B0304 /* signupRequestBody.swift in Sources */ = {isa = PBXBuildFile; fileRef = 7A408F7929E2C61A009B0304 /* signupRequestBody.swift */; };
		7A408F7C29E2C64E009B0304 /* LoginRequest.swift in Sources */ = {isa = PBXBuildFile; fileRef = 7A408F7B29E2C64E009B0304 /* LoginRequest.swift */; };
		7A408F7E29E2C671009B0304 /* ForgotRequest.swift in Sources */ = {isa = PBXBuildFile; fileRef = 7A408F7D29E2C671009B0304 /* ForgotRequest.swift */; };
		7A408F8029E2C68D009B0304 /* EditRequest.swift in Sources */ = {isa = PBXBuildFile; fileRef = 7A408F7F29E2C68D009B0304 /* EditRequest.swift */; };
		7A408F8229E2CBC5009B0304 /* ConfirmResquest.swift in Sources */ = {isa = PBXBuildFile; fileRef = 7A408F8129E2CBC5009B0304 /* ConfirmResquest.swift */; };
		7A408F8529E2CFD6009B0304 /* Consts.swift in Sources */ = {isa = PBXBuildFile; fileRef = 7A408F8429E2CFD6009B0304 /* Consts.swift */; };
		7A408F8829E2D5B0009B0304 /* CheckBox.swift in Sources */ = {isa = PBXBuildFile; fileRef = 7A408F8729E2D5B0009B0304 /* CheckBox.swift */; };
		7A408F8A29E2D8A6009B0304 /* LoginVM.swift in Sources */ = {isa = PBXBuildFile; fileRef = 7A408F8929E2D8A6009B0304 /* LoginVM.swift */; };
		7A408F8C29E2D8B9009B0304 /* ResgisterVM.swift in Sources */ = {isa = PBXBuildFile; fileRef = 7A408F8B29E2D8B9009B0304 /* ResgisterVM.swift */; };
		7A408F8E29E2D925009B0304 /* ProfileVM.swift in Sources */ = {isa = PBXBuildFile; fileRef = 7A408F8D29E2D925009B0304 /* ProfileVM.swift */; };
		7A408F9029E2DC0E009B0304 /* SplashScreen.swift in Sources */ = {isa = PBXBuildFile; fileRef = 7A408F8F29E2DC0E009B0304 /* SplashScreen.swift */; };
		7A408F9229E34F8A009B0304 /* EditProfileVM.swift in Sources */ = {isa = PBXBuildFile; fileRef = 7A408F9129E34F8A009B0304 /* EditProfileVM.swift */; };
		7A6798DD2A02FBCE00AFA00B /* SwiftUIX in Frameworks */ = {isa = PBXBuildFile; productRef = 7A6798DC2A02FBCE00AFA00B /* SwiftUIX */; };
		7A96A64C29EF7ABB0004B760 /* RaceCardView.swift in Sources */ = {isa = PBXBuildFile; fileRef = 7A96A64B29EF7ABB0004B760 /* RaceCardView.swift */; };
		7A96A64F29EF99CB0004B760 /* Race.swift in Sources */ = {isa = PBXBuildFile; fileRef = 7A96A64E29EF99CB0004B760 /* Race.swift */; };
		7A96A65129EFBB2E0004B760 /* results.swift in Sources */ = {isa = PBXBuildFile; fileRef = 7A96A65029EFBB2E0004B760 /* results.swift */; };
		7A96A65329EFD8BB0004B760 /* DriverModel.swift in Sources */ = {isa = PBXBuildFile; fileRef = 7A96A65229EFD8BB0004B760 /* DriverModel.swift */; };
		7A96A65529EFD93C0004B760 /* DriverImageModel.swift in Sources */ = {isa = PBXBuildFile; fileRef = 7A96A65429EFD93C0004B760 /* DriverImageModel.swift */; };
		7A96A65729EFD9AD0004B760 /* CircuitModel.swift in Sources */ = {isa = PBXBuildFile; fileRef = 7A96A65629EFD9AD0004B760 /* CircuitModel.swift */; };
		7A96A65929EFD9F00004B760 /* LocationModel.swift in Sources */ = {isa = PBXBuildFile; fileRef = 7A96A65829EFD9F00004B760 /* LocationModel.swift */; };
		7A96A65B29EFDA460004B760 /* DriverStandingsModel.swift in Sources */ = {isa = PBXBuildFile; fileRef = 7A96A65A29EFDA460004B760 /* DriverStandingsModel.swift */; };
		7A96A65D29EFDBAC0004B760 /* DriverStandings.swift in Sources */ = {isa = PBXBuildFile; fileRef = 7A96A65C29EFDBAC0004B760 /* DriverStandings.swift */; };
		7AA6997F29E4C818005FEA9F /* Snackbar.swift in Sources */ = {isa = PBXBuildFile; fileRef = 7AA6997E29E4C818005FEA9F /* Snackbar.swift */; };
		7AA6998129E4CA85005FEA9F /* RegisterView.swift in Sources */ = {isa = PBXBuildFile; fileRef = 7AA6998029E4CA85005FEA9F /* RegisterView.swift */; };
		7AA6998329E4D7A1005FEA9F /* CustomsecuretextfieldView.swift in Sources */ = {isa = PBXBuildFile; fileRef = 7AA6998229E4D7A1005FEA9F /* CustomsecuretextfieldView.swift */; };
		7AA6998529E4D81C005FEA9F /* RoundedCorners.swift in Sources */ = {isa = PBXBuildFile; fileRef = 7AA6998429E4D81C005FEA9F /* RoundedCorners.swift */; };
		7AA699A729E94612005FEA9F /* APIServiceProtocol.swift in Sources */ = {isa = PBXBuildFile; fileRef = 7AA699A629E94612005FEA9F /* APIServiceProtocol.swift */; };
		7AA699A929E94710005FEA9F /* APIError.swift in Sources */ = {isa = PBXBuildFile; fileRef = 7AA699A829E94710005FEA9F /* APIError.swift */; };
		7AA699AB29E947A6005FEA9F /* TeamsFetcher.swift in Sources */ = {isa = PBXBuildFile; fileRef = 7AA699AA29E947A6005FEA9F /* TeamsFetcher.swift */; };
		7AA699AE29E9500C005FEA9F /* TeamView.swift in Sources */ = {isa = PBXBuildFile; fileRef = 7AA699AD29E9500C005FEA9F /* TeamView.swift */; };
		7AA699B029EF44C8005FEA9F /* home.swift in Sources */ = {isa = PBXBuildFile; fileRef = 7AA699AF29EF44C8005FEA9F /* home.swift */; };
		7AA699B629EF4521005FEA9F /* homeVM.swift in Sources */ = {isa = PBXBuildFile; fileRef = 7AA699B529EF4521005FEA9F /* homeVM.swift */; };
		7AA83DA329F899A000E4A9A7 /* RacingSansOne-Regular.ttf in Resources */ = {isa = PBXBuildFile; fileRef = 7AA83DA229F8999F00E4A9A7 /* RacingSansOne-Regular.ttf */; };
		7AA83DA529F92D4C00E4A9A7 /* ImportfARFile.swift in Sources */ = {isa = PBXBuildFile; fileRef = 7AA83DA429F92D4C00E4A9A7 /* ImportfARFile.swift */; };
		7ABEF71829F2BA9F000C4EDB /* CarView.swift in Sources */ = {isa = PBXBuildFile; fileRef = 7ABEF71729F2BA9F000C4EDB /* CarView.swift */; };
		7ABEF71A29F2C1D9000C4EDB /* TeamCardView.swift in Sources */ = {isa = PBXBuildFile; fileRef = 7ABEF71929F2C1D9000C4EDB /* TeamCardView.swift */; };
		7ABEF71C29F2C36D000C4EDB /* TeamInformationView.swift in Sources */ = {isa = PBXBuildFile; fileRef = 7ABEF71B29F2C36D000C4EDB /* TeamInformationView.swift */; };
		7ABEF71F29F2C4B5000C4EDB /* ConstructorInformations.swift in Sources */ = {isa = PBXBuildFile; fileRef = 7ABEF71E29F2C4B5000C4EDB /* ConstructorInformations.swift */; };
		7ABEF72429F4710D000C4EDB /* SwiftUIView.swift in Sources */ = {isa = PBXBuildFile; fileRef = 7ABEF72329F4710D000C4EDB /* SwiftUIView.swift */; };
		7ABEF72F29F495CE000C4EDB /* Info.plist in Resources */ = {isa = PBXBuildFile; fileRef = 7ABEF72D29F49475000C4EDB /* Info.plist */; };
		7ABEF73029F495E6000C4EDB /* Info.plist in Resources */ = {isa = PBXBuildFile; fileRef = 7ABEF72D29F49475000C4EDB /* Info.plist */; };
		7ABEF73229F6C54C000C4EDB /* LondrinaShadow.ttf in Resources */ = {isa = PBXBuildFile; fileRef = 7ABEF73129F6C54C000C4EDB /* LondrinaShadow.ttf */; };
		7ABEF73429F6C748000C4EDB /* VastShadow-Regular.ttf in Resources */ = {isa = PBXBuildFile; fileRef = 7ABEF73329F6C748000C4EDB /* VastShadow-Regular.ttf */; };
		7ABEF73629F6D265000C4EDB /* KumarOne-Regular.ttf in Resources */ = {isa = PBXBuildFile; fileRef = 7ABEF73529F6D264000C4EDB /* KumarOne-Regular.ttf */; };
		7ABEF73829F6D85D000C4EDB /* KdamThmorPro-Regular.ttf in Resources */ = {isa = PBXBuildFile; fileRef = 7ABEF73729F6D85D000C4EDB /* KdamThmorPro-Regular.ttf */; };
		7ABEF73A29F6D869000C4EDB /* NovaSquare-Regular.ttf in Resources */ = {isa = PBXBuildFile; fileRef = 7ABEF73929F6D868000C4EDB /* NovaSquare-Regular.ttf */; };
		7ABEF74129F6D878000C4EDB /* Sarpanch-Black.ttf in Resources */ = {isa = PBXBuildFile; fileRef = 7ABEF73B29F6D878000C4EDB /* Sarpanch-Black.ttf */; };
		7ABEF74229F6D878000C4EDB /* Sarpanch-Medium.ttf in Resources */ = {isa = PBXBuildFile; fileRef = 7ABEF73C29F6D878000C4EDB /* Sarpanch-Medium.ttf */; };
		7ABEF74429F6D878000C4EDB /* Sarpanch-Regular.ttf in Resources */ = {isa = PBXBuildFile; fileRef = 7ABEF73E29F6D878000C4EDB /* Sarpanch-Regular.ttf */; };
		7ABEF74529F6D878000C4EDB /* Sarpanch-ExtraBold.ttf in Resources */ = {isa = PBXBuildFile; fileRef = 7ABEF73F29F6D878000C4EDB /* Sarpanch-ExtraBold.ttf */; };
		7ABEF74629F6D878000C4EDB /* Sarpanch-SemiBold.ttf in Resources */ = {isa = PBXBuildFile; fileRef = 7ABEF74029F6D878000C4EDB /* Sarpanch-SemiBold.ttf */; };
		7ABEF74829F6D905000C4EDB /* Sarpanch-Bold.ttf in Resources */ = {isa = PBXBuildFile; fileRef = 7ABEF74729F6D905000C4EDB /* Sarpanch-Bold.ttf */; };
		7ABEF74A29F74781000C4EDB /* uploadimg.swift in Sources */ = {isa = PBXBuildFile; fileRef = 7ABEF74929F74781000C4EDB /* uploadimg.swift */; };
		7ABEF74C29F7AD42000C4EDB /* downloadimage.swift in Sources */ = {isa = PBXBuildFile; fileRef = 7ABEF74B29F7AD42000C4EDB /* downloadimage.swift */; };
		7AC3A2BE29F1EE2300F2659A /* formula.usdz in Resources */ = {isa = PBXBuildFile; fileRef = 7AC3A2BD29F1EE2200F2659A /* formula.usdz */; };
		7AC3A2C029F20BF400F2659A /* test.swift in Sources */ = {isa = PBXBuildFile; fileRef = 7AC3A2BF29F20BF400F2659A /* test.swift */; };
		7AD2B69329FD6E5000465EA2 /* SwiftKeychainWrapper in Frameworks */ = {isa = PBXBuildFile; productRef = 7AD2B69229FD6E5000465EA2 /* SwiftKeychainWrapper */; };
		7AD2B69629FD717200465EA2 /* Authentication.swift in Sources */ = {isa = PBXBuildFile; fileRef = 7AD2B69529FD717200465EA2 /* Authentication.swift */; };
		7AD2B69829FD71DF00465EA2 /* Credentials.swift in Sources */ = {isa = PBXBuildFile; fileRef = 7AD2B69729FD71DF00465EA2 /* Credentials.swift */; };
		7AD2B69A29FD724D00465EA2 /* KeychainStorage.swift in Sources */ = {isa = PBXBuildFile; fileRef = 7AD2B69929FD724D00465EA2 /* KeychainStorage.swift */; };
		7AD2B69C29FD72B400465EA2 /* UIApplication.swift in Sources */ = {isa = PBXBuildFile; fileRef = 7AD2B69B29FD72B400465EA2 /* UIApplication.swift */; };
		7AD2B6A029FEC5A800465EA2 /* modeView.swift in Sources */ = {isa = PBXBuildFile; fileRef = 7AD2B69F29FEC5A800465EA2 /* modeView.swift */; };
		7AD2B6BD29FEFF9F00465EA2 /* localisationView.swift in Sources */ = {isa = PBXBuildFile; fileRef = 7AD2B6BC29FEFF9F00465EA2 /* localisationView.swift */; };
		7AD2B6BF29FF114800465EA2 /* SearchView.swift in Sources */ = {isa = PBXBuildFile; fileRef = 7AD2B6BE29FF114800465EA2 /* SearchView.swift */; };
		7AD2B6C12A02EEA100465EA2 /* formula 4.usdz in Resources */ = {isa = PBXBuildFile; fileRef = 7AD2B6C02A02EEA100465EA2 /* formula 4.usdz */; };
		7AD2B6C32A02EEAA00465EA2 /* formulared.usdz in Resources */ = {isa = PBXBuildFile; fileRef = 7AD2B6C22A02EEAA00465EA2 /* formulared.usdz */; };
		7AD2B6C42A02EEAA00465EA2 /* formulared.usdz in Resources */ = {isa = PBXBuildFile; fileRef = 7AD2B6C22A02EEAA00465EA2 /* formulared.usdz */; };
		7AD2B6C92A02EEB400465EA2 /* formulaEsprit.usdz in Resources */ = {isa = PBXBuildFile; fileRef = 7AD2B6C82A02EEB400465EA2 /* formulaEsprit.usdz */; };
		7AD2B6CA2A02EEB400465EA2 /* formulaEsprit.usdz in Resources */ = {isa = PBXBuildFile; fileRef = 7AD2B6C82A02EEB400465EA2 /* formulaEsprit.usdz */; };
		7AD5C7DB29E0F78B00FAE06E /* FormulaOneAppARApp.swift in Sources */ = {isa = PBXBuildFile; fileRef = 7AD5C7DA29E0F78B00FAE06E /* FormulaOneAppARApp.swift */; };
		7AD5C7DD29E0F78B00FAE06E /* Persistence.swift in Sources */ = {isa = PBXBuildFile; fileRef = 7AD5C7DC29E0F78B00FAE06E /* Persistence.swift */; };
		7AD5C7E029E0F78B00FAE06E /* FormulaOneAppAR.xcdatamodeld in Sources */ = {isa = PBXBuildFile; fileRef = 7AD5C7DE29E0F78B00FAE06E /* FormulaOneAppAR.xcdatamodeld */; };
		7AD5C7E229E0F78B00FAE06E /* ContentView.swift in Sources */ = {isa = PBXBuildFile; fileRef = 7AD5C7E129E0F78B00FAE06E /* ContentView.swift */; };
		7AD5C7E429E0F78D00FAE06E /* Assets.xcassets in Resources */ = {isa = PBXBuildFile; fileRef = 7AD5C7E329E0F78D00FAE06E /* Assets.xcassets */; };
		7AD5C7E829E0F78D00FAE06E /* Preview Assets.xcassets in Resources */ = {isa = PBXBuildFile; fileRef = 7AD5C7E729E0F78D00FAE06E /* Preview Assets.xcassets */; };
		7AD5C7F229E0F78D00FAE06E /* FormulaOneAppARTests.swift in Sources */ = {isa = PBXBuildFile; fileRef = 7AD5C7F129E0F78D00FAE06E /* FormulaOneAppARTests.swift */; };
		7AD5C7FC29E0F78D00FAE06E /* FormulaOneAppARUITests.swift in Sources */ = {isa = PBXBuildFile; fileRef = 7AD5C7FB29E0F78D00FAE06E /* FormulaOneAppARUITests.swift */; };
		7AD5C7FE29E0F78D00FAE06E /* FormulaOneAppARUITestsLaunchTests.swift in Sources */ = {isa = PBXBuildFile; fileRef = 7AD5C7FD29E0F78D00FAE06E /* FormulaOneAppARUITestsLaunchTests.swift */; };
		7AFEC33E29E0FF45007EAA5D /* User.swift in Sources */ = {isa = PBXBuildFile; fileRef = 7AFEC33C29E0FF45007EAA5D /* User.swift */; };
		7AFEC33F29E0FF45007EAA5D /* ConstructorModel.swift in Sources */ = {isa = PBXBuildFile; fileRef = 7AFEC33D29E0FF45007EAA5D /* ConstructorModel.swift */; };
		7AFEC34129E0FF5E007EAA5D /* Content-ViewModel.swift in Sources */ = {isa = PBXBuildFile; fileRef = 7AFEC34029E0FF5E007EAA5D /* Content-ViewModel.swift */; };
		7AFEC35E29E10102007EAA5D /* Services.swift in Sources */ = {isa = PBXBuildFile; fileRef = 7AFEC35D29E10102007EAA5D /* Services.swift */; };
		7AFEC36329E105DC007EAA5D /* mainScreen.swift in Sources */ = {isa = PBXBuildFile; fileRef = 7AFEC36229E105DC007EAA5D /* mainScreen.swift */; };
		7AFEC36829E1066B007EAA5D /* LoginView.swift in Sources */ = {isa = PBXBuildFile; fileRef = 7AFEC36729E1066B007EAA5D /* LoginView.swift */; };
		7AFEC36F29E10722007EAA5D /* WelcomeScreenView.swift in Sources */ = {isa = PBXBuildFile; fileRef = 7AFEC36E29E10722007EAA5D /* WelcomeScreenView.swift */; };
		7AFEC37129E10858007EAA5D /* customViews.swift in Sources */ = {isa = PBXBuildFile; fileRef = 7AFEC37029E10858007EAA5D /* customViews.swift */; };
		7AFEC37429E10A15007EAA5D /* ChangePassword.swift in Sources */ = {isa = PBXBuildFile; fileRef = 7AFEC37329E10A15007EAA5D /* ChangePassword.swift */; };
		7AFEC37629E10A6E007EAA5D /* EditProfil.swift in Sources */ = {isa = PBXBuildFile; fileRef = 7AFEC37529E10A6E007EAA5D /* EditProfil.swift */; };
		7AFEC37829E10B10007EAA5D /* Profile.swift in Sources */ = {isa = PBXBuildFile; fileRef = 7AFEC37729E10B10007EAA5D /* Profile.swift */; };
		7AFEC37A29E10BCF007EAA5D /* ForgetView.swift in Sources */ = {isa = PBXBuildFile; fileRef = 7AFEC37929E10BCF007EAA5D /* ForgetView.swift */; };
		7AFEC37E29E10C63007EAA5D /* FullScreenNavigationView.swift in Sources */ = {isa = PBXBuildFile; fileRef = 7AFEC37D29E10C63007EAA5D /* FullScreenNavigationView.swift */; };
		7AFEC38029E10C8D007EAA5D /* FullScreenNavigationViewType.swift in Sources */ = {isa = PBXBuildFile; fileRef = 7AFEC37F29E10C8D007EAA5D /* FullScreenNavigationViewType.swift */; };
		7AFEC38329E10DAB007EAA5D /* AppEventsManager.swift in Sources */ = {isa = PBXBuildFile; fileRef = 7AFEC38229E10DAB007EAA5D /* AppEventsManager.swift */; };
		7AFEC38529E10DF9007EAA5D /* SetReactiveMethods.swift in Sources */ = {isa = PBXBuildFile; fileRef = 7AFEC38429E10DF9007EAA5D /* SetReactiveMethods.swift */; };
		B0069BFF2A031C77007CD96E /* RoundInformationView.swift in Sources */ = {isa = PBXBuildFile; fileRef = B0069BFE2A031C77007CD96E /* RoundInformationView.swift */; };
		B0069C002A031C77007CD96E /* RoundInformationView.swift in Sources */ = {isa = PBXBuildFile; fileRef = B0069BFE2A031C77007CD96E /* RoundInformationView.swift */; };
		B0069C022A031D37007CD96E /* CarsView.swift in Sources */ = {isa = PBXBuildFile; fileRef = B0069C012A031D37007CD96E /* CarsView.swift */; };
		B0B5CE8529EE05C00073816B /* CustomARView.swift in Sources */ = {isa = PBXBuildFile; fileRef = B0B5CE8429EE05C00073816B /* CustomARView.swift */; };
		B0B5CE8729EE0D200073816B /* CustomARViewRepresentable.swift in Sources */ = {isa = PBXBuildFile; fileRef = B0B5CE8629EE0D200073816B /* CustomARViewRepresentable.swift */; };
		B0B5CE8929EE0DB50073816B /* ARView.swift in Sources */ = {isa = PBXBuildFile; fileRef = B0B5CE8829EE0DB50073816B /* ARView.swift */; };
		B0BFCEAB29EF9CAB00A7C129 /* RealityKitView.swift in Sources */ = {isa = PBXBuildFile; fileRef = B0BFCEAA29EF9CAB00A7C129 /* RealityKitView.swift */; };
		B0BFCEAE29EFA92B00A7C129 /* FocusEntity in Frameworks */ = {isa = PBXBuildFile; productRef = B0BFCEAD29EFA92B00A7C129 /* FocusEntity */; };
		B0DB6F6F29E60D02007CABC6 /* forgotVM.swift in Sources */ = {isa = PBXBuildFile; fileRef = B0DB6F6E29E60D02007CABC6 /* forgotVM.swift */; };
		B0DB6F7329E61E3D007CABC6 /* verificationCodeResponse.swift in Sources */ = {isa = PBXBuildFile; fileRef = B0DB6F7229E61E3D007CABC6 /* verificationCodeResponse.swift */; };
		B0DB6F7529E61FAA007CABC6 /* VerificationCodeRequest.swift in Sources */ = {isa = PBXBuildFile; fileRef = B0DB6F7429E61FAA007CABC6 /* VerificationCodeRequest.swift */; };
/* End PBXBuildFile section */

/* Begin PBXContainerItemProxy section */
		7AD5C7EE29E0F78D00FAE06E /* PBXContainerItemProxy */ = {
			isa = PBXContainerItemProxy;
			containerPortal = 7AD5C7CF29E0F78A00FAE06E /* Project object */;
			proxyType = 1;
			remoteGlobalIDString = 7AD5C7D629E0F78B00FAE06E;
			remoteInfo = FormulaOneAppAR;
		};
		7AD5C7F829E0F78D00FAE06E /* PBXContainerItemProxy */ = {
			isa = PBXContainerItemProxy;
			containerPortal = 7AD5C7CF29E0F78A00FAE06E /* Project object */;
			proxyType = 1;
			remoteGlobalIDString = 7AD5C7D629E0F78B00FAE06E;
			remoteInfo = FormulaOneAppAR;
		};
/* End PBXContainerItemProxy section */

/* Begin PBXFileReference section */
		2239F41529FB554F00ACA779 /* carteamview.swift */ = {isa = PBXFileReference; lastKnownFileType = sourcecode.swift; path = carteamview.swift; sourceTree = "<group>"; };
		2271FE9C2A043C5A0027BF41 /* ARScreenshotView.swift */ = {isa = PBXFileReference; lastKnownFileType = sourcecode.swift; path = ARScreenshotView.swift; sourceTree = "<group>"; };
		2271FE9F2A04B2F80027BF41 /* ergast.swift */ = {isa = PBXFileReference; lastKnownFileType = sourcecode.swift; path = ergast.swift; sourceTree = "<group>"; };
		2271FEA32A04B3FB0027BF41 /* ergastViewModel.swift */ = {isa = PBXFileReference; lastKnownFileType = sourcecode.swift; path = ergastViewModel.swift; sourceTree = "<group>"; };
		22AD4BBB2A0C322C002CCF7D /* testnav.swift */ = {isa = PBXFileReference; lastKnownFileType = sourcecode.swift; path = testnav.swift; sourceTree = "<group>"; };
		22AD4BC12A0C4028002CCF7D /* en */ = {isa = PBXFileReference; lastKnownFileType = text.plist.strings; name = en; path = en.lproj/Localizable.strings; sourceTree = "<group>"; };
		22AD4BC32A0C4060002CCF7D /* fr */ = {isa = PBXFileReference; lastKnownFileType = text.plist.strings; name = fr; path = fr.lproj/Localizable.strings; sourceTree = "<group>"; };
		7A2DFD832A08FF3D00CCE5C1 /* ferrari.usdz */ = {isa = PBXFileReference; lastKnownFileType = file.usdz; path = ferrari.usdz; sourceTree = "<group>"; };
		7A408F7329E2C4D2009B0304 /* ErrorHandler.swift */ = {isa = PBXFileReference; lastKnownFileType = sourcecode.swift; path = ErrorHandler.swift; sourceTree = "<group>"; };
		7A408F7729E2C600009B0304 /* LoginRequestBody.swift */ = {isa = PBXFileReference; lastKnownFileType = sourcecode.swift; path = LoginRequestBody.swift; sourceTree = "<group>"; };
		7A408F7929E2C61A009B0304 /* signupRequestBody.swift */ = {isa = PBXFileReference; lastKnownFileType = sourcecode.swift; path = signupRequestBody.swift; sourceTree = "<group>"; };
		7A408F7B29E2C64E009B0304 /* LoginRequest.swift */ = {isa = PBXFileReference; lastKnownFileType = sourcecode.swift; path = LoginRequest.swift; sourceTree = "<group>"; };
		7A408F7D29E2C671009B0304 /* ForgotRequest.swift */ = {isa = PBXFileReference; lastKnownFileType = sourcecode.swift; path = ForgotRequest.swift; sourceTree = "<group>"; };
		7A408F7F29E2C68D009B0304 /* EditRequest.swift */ = {isa = PBXFileReference; lastKnownFileType = sourcecode.swift; path = EditRequest.swift; sourceTree = "<group>"; };
		7A408F8129E2CBC5009B0304 /* ConfirmResquest.swift */ = {isa = PBXFileReference; lastKnownFileType = sourcecode.swift; path = ConfirmResquest.swift; sourceTree = "<group>"; };
		7A408F8429E2CFD6009B0304 /* Consts.swift */ = {isa = PBXFileReference; lastKnownFileType = sourcecode.swift; path = Consts.swift; sourceTree = "<group>"; };
		7A408F8729E2D5B0009B0304 /* CheckBox.swift */ = {isa = PBXFileReference; lastKnownFileType = sourcecode.swift; path = CheckBox.swift; sourceTree = "<group>"; };
		7A408F8929E2D8A6009B0304 /* LoginVM.swift */ = {isa = PBXFileReference; lastKnownFileType = sourcecode.swift; path = LoginVM.swift; sourceTree = "<group>"; };
		7A408F8B29E2D8B9009B0304 /* ResgisterVM.swift */ = {isa = PBXFileReference; lastKnownFileType = sourcecode.swift; path = ResgisterVM.swift; sourceTree = "<group>"; };
		7A408F8D29E2D925009B0304 /* ProfileVM.swift */ = {isa = PBXFileReference; lastKnownFileType = sourcecode.swift; path = ProfileVM.swift; sourceTree = "<group>"; };
		7A408F8F29E2DC0E009B0304 /* SplashScreen.swift */ = {isa = PBXFileReference; lastKnownFileType = sourcecode.swift; path = SplashScreen.swift; sourceTree = "<group>"; };
		7A408F9129E34F8A009B0304 /* EditProfileVM.swift */ = {isa = PBXFileReference; lastKnownFileType = sourcecode.swift; path = EditProfileVM.swift; sourceTree = "<group>"; };
		7A96A64B29EF7ABB0004B760 /* RaceCardView.swift */ = {isa = PBXFileReference; lastKnownFileType = sourcecode.swift; path = RaceCardView.swift; sourceTree = "<group>"; };
		7A96A64E29EF99CB0004B760 /* Race.swift */ = {isa = PBXFileReference; lastKnownFileType = sourcecode.swift; path = Race.swift; sourceTree = "<group>"; };
		7A96A65029EFBB2E0004B760 /* results.swift */ = {isa = PBXFileReference; lastKnownFileType = sourcecode.swift; path = results.swift; sourceTree = "<group>"; };
		7A96A65229EFD8BB0004B760 /* DriverModel.swift */ = {isa = PBXFileReference; lastKnownFileType = sourcecode.swift; path = DriverModel.swift; sourceTree = "<group>"; };
		7A96A65429EFD93C0004B760 /* DriverImageModel.swift */ = {isa = PBXFileReference; lastKnownFileType = sourcecode.swift; path = DriverImageModel.swift; sourceTree = "<group>"; };
		7A96A65629EFD9AD0004B760 /* CircuitModel.swift */ = {isa = PBXFileReference; lastKnownFileType = sourcecode.swift; path = CircuitModel.swift; sourceTree = "<group>"; };
		7A96A65829EFD9F00004B760 /* LocationModel.swift */ = {isa = PBXFileReference; lastKnownFileType = sourcecode.swift; path = LocationModel.swift; sourceTree = "<group>"; };
		7A96A65A29EFDA460004B760 /* DriverStandingsModel.swift */ = {isa = PBXFileReference; lastKnownFileType = sourcecode.swift; path = DriverStandingsModel.swift; sourceTree = "<group>"; };
		7A96A65C29EFDBAC0004B760 /* DriverStandings.swift */ = {isa = PBXFileReference; lastKnownFileType = sourcecode.swift; path = DriverStandings.swift; sourceTree = "<group>"; };
		7AA6997E29E4C818005FEA9F /* Snackbar.swift */ = {isa = PBXFileReference; lastKnownFileType = sourcecode.swift; path = Snackbar.swift; sourceTree = "<group>"; };
		7AA6998029E4CA85005FEA9F /* RegisterView.swift */ = {isa = PBXFileReference; lastKnownFileType = sourcecode.swift; path = RegisterView.swift; sourceTree = "<group>"; };
		7AA6998229E4D7A1005FEA9F /* CustomsecuretextfieldView.swift */ = {isa = PBXFileReference; lastKnownFileType = sourcecode.swift; path = CustomsecuretextfieldView.swift; sourceTree = "<group>"; };
		7AA6998429E4D81C005FEA9F /* RoundedCorners.swift */ = {isa = PBXFileReference; lastKnownFileType = sourcecode.swift; path = RoundedCorners.swift; sourceTree = "<group>"; };
		7AA699A629E94612005FEA9F /* APIServiceProtocol.swift */ = {isa = PBXFileReference; lastKnownFileType = sourcecode.swift; path = APIServiceProtocol.swift; sourceTree = "<group>"; };
		7AA699A829E94710005FEA9F /* APIError.swift */ = {isa = PBXFileReference; lastKnownFileType = sourcecode.swift; path = APIError.swift; sourceTree = "<group>"; };
		7AA699AA29E947A6005FEA9F /* TeamsFetcher.swift */ = {isa = PBXFileReference; lastKnownFileType = sourcecode.swift; path = TeamsFetcher.swift; sourceTree = "<group>"; };
		7AA699AD29E9500C005FEA9F /* TeamView.swift */ = {isa = PBXFileReference; lastKnownFileType = sourcecode.swift; path = TeamView.swift; sourceTree = "<group>"; };
		7AA699AF29EF44C8005FEA9F /* home.swift */ = {isa = PBXFileReference; lastKnownFileType = sourcecode.swift; path = home.swift; sourceTree = "<group>"; };
		7AA699B529EF4521005FEA9F /* homeVM.swift */ = {isa = PBXFileReference; lastKnownFileType = sourcecode.swift; path = homeVM.swift; sourceTree = "<group>"; };
		7AA83DA229F8999F00E4A9A7 /* RacingSansOne-Regular.ttf */ = {isa = PBXFileReference; lastKnownFileType = file; path = "RacingSansOne-Regular.ttf"; sourceTree = "<group>"; };
		7AA83DA429F92D4C00E4A9A7 /* ImportfARFile.swift */ = {isa = PBXFileReference; lastKnownFileType = sourcecode.swift; path = ImportfARFile.swift; sourceTree = "<group>"; };
		7ABEF71729F2BA9F000C4EDB /* CarView.swift */ = {isa = PBXFileReference; lastKnownFileType = sourcecode.swift; path = CarView.swift; sourceTree = "<group>"; };
		7ABEF71929F2C1D9000C4EDB /* TeamCardView.swift */ = {isa = PBXFileReference; lastKnownFileType = sourcecode.swift; path = TeamCardView.swift; sourceTree = "<group>"; };
		7ABEF71B29F2C36D000C4EDB /* TeamInformationView.swift */ = {isa = PBXFileReference; lastKnownFileType = sourcecode.swift; path = TeamInformationView.swift; sourceTree = "<group>"; };
		7ABEF71E29F2C4B5000C4EDB /* ConstructorInformations.swift */ = {isa = PBXFileReference; lastKnownFileType = sourcecode.swift; path = ConstructorInformations.swift; sourceTree = "<group>"; };
		7ABEF72329F4710D000C4EDB /* SwiftUIView.swift */ = {isa = PBXFileReference; lastKnownFileType = sourcecode.swift; path = SwiftUIView.swift; sourceTree = "<group>"; };
		7ABEF72D29F49475000C4EDB /* Info.plist */ = {isa = PBXFileReference; fileEncoding = 4; lastKnownFileType = text.plist.xml; name = Info.plist; path = /Users/siwarnafti/Desktop/formulaOne/FormulaOneAppAR/Info.plist; sourceTree = "<absolute>"; };
		7ABEF73129F6C54C000C4EDB /* LondrinaShadow.ttf */ = {isa = PBXFileReference; lastKnownFileType = file; path = LondrinaShadow.ttf; sourceTree = "<group>"; };
		7ABEF73329F6C748000C4EDB /* VastShadow-Regular.ttf */ = {isa = PBXFileReference; lastKnownFileType = file; path = "VastShadow-Regular.ttf"; sourceTree = "<group>"; };
		7ABEF73529F6D264000C4EDB /* KumarOne-Regular.ttf */ = {isa = PBXFileReference; lastKnownFileType = file; path = "KumarOne-Regular.ttf"; sourceTree = "<group>"; };
		7ABEF73729F6D85D000C4EDB /* KdamThmorPro-Regular.ttf */ = {isa = PBXFileReference; lastKnownFileType = file; path = "KdamThmorPro-Regular.ttf"; sourceTree = "<group>"; };
		7ABEF73929F6D868000C4EDB /* NovaSquare-Regular.ttf */ = {isa = PBXFileReference; lastKnownFileType = file; path = "NovaSquare-Regular.ttf"; sourceTree = "<group>"; };
		7ABEF73B29F6D878000C4EDB /* Sarpanch-Black.ttf */ = {isa = PBXFileReference; lastKnownFileType = file; path = "Sarpanch-Black.ttf"; sourceTree = "<group>"; };
		7ABEF73C29F6D878000C4EDB /* Sarpanch-Medium.ttf */ = {isa = PBXFileReference; lastKnownFileType = file; path = "Sarpanch-Medium.ttf"; sourceTree = "<group>"; };
		7ABEF73E29F6D878000C4EDB /* Sarpanch-Regular.ttf */ = {isa = PBXFileReference; lastKnownFileType = file; path = "Sarpanch-Regular.ttf"; sourceTree = "<group>"; };
		7ABEF73F29F6D878000C4EDB /* Sarpanch-ExtraBold.ttf */ = {isa = PBXFileReference; lastKnownFileType = file; path = "Sarpanch-ExtraBold.ttf"; sourceTree = "<group>"; };
		7ABEF74029F6D878000C4EDB /* Sarpanch-SemiBold.ttf */ = {isa = PBXFileReference; lastKnownFileType = file; path = "Sarpanch-SemiBold.ttf"; sourceTree = "<group>"; };
		7ABEF74729F6D905000C4EDB /* Sarpanch-Bold.ttf */ = {isa = PBXFileReference; lastKnownFileType = file; path = "Sarpanch-Bold.ttf"; sourceTree = "<group>"; };
		7ABEF74929F74781000C4EDB /* uploadimg.swift */ = {isa = PBXFileReference; lastKnownFileType = sourcecode.swift; path = uploadimg.swift; sourceTree = "<group>"; };
		7ABEF74B29F7AD42000C4EDB /* downloadimage.swift */ = {isa = PBXFileReference; lastKnownFileType = sourcecode.swift; path = downloadimage.swift; sourceTree = "<group>"; };
		7AC3A2BD29F1EE2200F2659A /* formula.usdz */ = {isa = PBXFileReference; lastKnownFileType = file.usdz; path = formula.usdz; sourceTree = "<group>"; };
		7AC3A2BF29F20BF400F2659A /* test.swift */ = {isa = PBXFileReference; lastKnownFileType = sourcecode.swift; path = test.swift; sourceTree = "<group>"; };
		7AD2B69529FD717200465EA2 /* Authentication.swift */ = {isa = PBXFileReference; lastKnownFileType = sourcecode.swift; path = Authentication.swift; sourceTree = "<group>"; };
		7AD2B69729FD71DF00465EA2 /* Credentials.swift */ = {isa = PBXFileReference; lastKnownFileType = sourcecode.swift; path = Credentials.swift; sourceTree = "<group>"; };
		7AD2B69929FD724D00465EA2 /* KeychainStorage.swift */ = {isa = PBXFileReference; lastKnownFileType = sourcecode.swift; path = KeychainStorage.swift; sourceTree = "<group>"; };
		7AD2B69B29FD72B400465EA2 /* UIApplication.swift */ = {isa = PBXFileReference; lastKnownFileType = sourcecode.swift; path = UIApplication.swift; sourceTree = "<group>"; };
		7AD2B69F29FEC5A800465EA2 /* modeView.swift */ = {isa = PBXFileReference; lastKnownFileType = sourcecode.swift; path = modeView.swift; sourceTree = "<group>"; };
		7AD2B6BC29FEFF9F00465EA2 /* localisationView.swift */ = {isa = PBXFileReference; lastKnownFileType = sourcecode.swift; path = localisationView.swift; sourceTree = "<group>"; };
		7AD2B6BE29FF114800465EA2 /* SearchView.swift */ = {isa = PBXFileReference; lastKnownFileType = sourcecode.swift; path = SearchView.swift; sourceTree = "<group>"; };
		7AD2B6C02A02EEA100465EA2 /* formula 4.usdz */ = {isa = PBXFileReference; lastKnownFileType = file.usdz; path = "formula 4.usdz"; sourceTree = "<group>"; };
		7AD2B6C22A02EEAA00465EA2 /* formulared.usdz */ = {isa = PBXFileReference; lastKnownFileType = file.usdz; path = formulared.usdz; sourceTree = "<group>"; };
		7AD2B6C82A02EEB400465EA2 /* formulaEsprit.usdz */ = {isa = PBXFileReference; lastKnownFileType = file.usdz; path = formulaEsprit.usdz; sourceTree = "<group>"; };
		7AD5C7D729E0F78B00FAE06E /* FormulaOneAppAR.app */ = {isa = PBXFileReference; explicitFileType = wrapper.application; includeInIndex = 0; path = FormulaOneAppAR.app; sourceTree = BUILT_PRODUCTS_DIR; };
		7AD5C7DA29E0F78B00FAE06E /* FormulaOneAppARApp.swift */ = {isa = PBXFileReference; lastKnownFileType = sourcecode.swift; path = FormulaOneAppARApp.swift; sourceTree = "<group>"; };
		7AD5C7DC29E0F78B00FAE06E /* Persistence.swift */ = {isa = PBXFileReference; lastKnownFileType = sourcecode.swift; path = Persistence.swift; sourceTree = "<group>"; };
		7AD5C7DF29E0F78B00FAE06E /* FormulaOneAppAR.xcdatamodel */ = {isa = PBXFileReference; lastKnownFileType = wrapper.xcdatamodel; path = FormulaOneAppAR.xcdatamodel; sourceTree = "<group>"; };
		7AD5C7E129E0F78B00FAE06E /* ContentView.swift */ = {isa = PBXFileReference; lastKnownFileType = sourcecode.swift; path = ContentView.swift; sourceTree = "<group>"; };
		7AD5C7E329E0F78D00FAE06E /* Assets.xcassets */ = {isa = PBXFileReference; lastKnownFileType = folder.assetcatalog; path = Assets.xcassets; sourceTree = "<group>"; };
		7AD5C7E529E0F78D00FAE06E /* FormulaOneAppAR.entitlements */ = {isa = PBXFileReference; lastKnownFileType = text.plist.entitlements; path = FormulaOneAppAR.entitlements; sourceTree = "<group>"; };
		7AD5C7E729E0F78D00FAE06E /* Preview Assets.xcassets */ = {isa = PBXFileReference; lastKnownFileType = folder.assetcatalog; path = "Preview Assets.xcassets"; sourceTree = "<group>"; };
		7AD5C7ED29E0F78D00FAE06E /* FormulaOneAppARTests.xctest */ = {isa = PBXFileReference; explicitFileType = wrapper.cfbundle; includeInIndex = 0; path = FormulaOneAppARTests.xctest; sourceTree = BUILT_PRODUCTS_DIR; };
		7AD5C7F129E0F78D00FAE06E /* FormulaOneAppARTests.swift */ = {isa = PBXFileReference; lastKnownFileType = sourcecode.swift; path = FormulaOneAppARTests.swift; sourceTree = "<group>"; };
		7AD5C7F729E0F78D00FAE06E /* FormulaOneAppARUITests.xctest */ = {isa = PBXFileReference; explicitFileType = wrapper.cfbundle; includeInIndex = 0; path = FormulaOneAppARUITests.xctest; sourceTree = BUILT_PRODUCTS_DIR; };
		7AD5C7FB29E0F78D00FAE06E /* FormulaOneAppARUITests.swift */ = {isa = PBXFileReference; lastKnownFileType = sourcecode.swift; path = FormulaOneAppARUITests.swift; sourceTree = "<group>"; };
		7AD5C7FD29E0F78D00FAE06E /* FormulaOneAppARUITestsLaunchTests.swift */ = {isa = PBXFileReference; lastKnownFileType = sourcecode.swift; path = FormulaOneAppARUITestsLaunchTests.swift; sourceTree = "<group>"; };
		7AFEC33C29E0FF45007EAA5D /* User.swift */ = {isa = PBXFileReference; fileEncoding = 4; lastKnownFileType = sourcecode.swift; path = User.swift; sourceTree = "<group>"; };
		7AFEC33D29E0FF45007EAA5D /* ConstructorModel.swift */ = {isa = PBXFileReference; fileEncoding = 4; lastKnownFileType = sourcecode.swift; path = ConstructorModel.swift; sourceTree = "<group>"; };
		7AFEC34029E0FF5E007EAA5D /* Content-ViewModel.swift */ = {isa = PBXFileReference; fileEncoding = 4; lastKnownFileType = sourcecode.swift; path = "Content-ViewModel.swift"; sourceTree = "<group>"; };
		7AFEC35D29E10102007EAA5D /* Services.swift */ = {isa = PBXFileReference; fileEncoding = 4; lastKnownFileType = sourcecode.swift; path = Services.swift; sourceTree = "<group>"; };
		7AFEC36229E105DC007EAA5D /* mainScreen.swift */ = {isa = PBXFileReference; lastKnownFileType = sourcecode.swift; name = mainScreen.swift; path = FormulaOneAppAR/View/mainScreen/mainScreen.swift; sourceTree = SOURCE_ROOT; };
		7AFEC36729E1066B007EAA5D /* LoginView.swift */ = {isa = PBXFileReference; lastKnownFileType = sourcecode.swift; path = LoginView.swift; sourceTree = "<group>"; };
		7AFEC36E29E10722007EAA5D /* WelcomeScreenView.swift */ = {isa = PBXFileReference; lastKnownFileType = sourcecode.swift; name = WelcomeScreenView.swift; path = FormulaOneAppAR/View/WelcomeScreen/WelcomeScreenView.swift; sourceTree = SOURCE_ROOT; };
		7AFEC37029E10858007EAA5D /* customViews.swift */ = {isa = PBXFileReference; lastKnownFileType = sourcecode.swift; path = customViews.swift; sourceTree = "<group>"; };
		7AFEC37329E10A15007EAA5D /* ChangePassword.swift */ = {isa = PBXFileReference; lastKnownFileType = sourcecode.swift; path = ChangePassword.swift; sourceTree = "<group>"; };
		7AFEC37529E10A6E007EAA5D /* EditProfil.swift */ = {isa = PBXFileReference; lastKnownFileType = sourcecode.swift; path = EditProfil.swift; sourceTree = "<group>"; };
		7AFEC37729E10B10007EAA5D /* Profile.swift */ = {isa = PBXFileReference; lastKnownFileType = sourcecode.swift; path = Profile.swift; sourceTree = "<group>"; };
		7AFEC37929E10BCF007EAA5D /* ForgetView.swift */ = {isa = PBXFileReference; lastKnownFileType = sourcecode.swift; path = ForgetView.swift; sourceTree = "<group>"; };
		7AFEC37D29E10C63007EAA5D /* FullScreenNavigationView.swift */ = {isa = PBXFileReference; lastKnownFileType = sourcecode.swift; path = FullScreenNavigationView.swift; sourceTree = "<group>"; };
		7AFEC37F29E10C8D007EAA5D /* FullScreenNavigationViewType.swift */ = {isa = PBXFileReference; lastKnownFileType = sourcecode.swift; path = FullScreenNavigationViewType.swift; sourceTree = "<group>"; };
		7AFEC38229E10DAB007EAA5D /* AppEventsManager.swift */ = {isa = PBXFileReference; lastKnownFileType = sourcecode.swift; path = AppEventsManager.swift; sourceTree = "<group>"; };
		7AFEC38429E10DF9007EAA5D /* SetReactiveMethods.swift */ = {isa = PBXFileReference; lastKnownFileType = sourcecode.swift; path = SetReactiveMethods.swift; sourceTree = "<group>"; };
		B0069BFE2A031C77007CD96E /* RoundInformationView.swift */ = {isa = PBXFileReference; lastKnownFileType = sourcecode.swift; path = RoundInformationView.swift; sourceTree = "<group>"; };
		B0069C012A031D37007CD96E /* CarsView.swift */ = {isa = PBXFileReference; lastKnownFileType = sourcecode.swift; path = CarsView.swift; sourceTree = "<group>"; };
		B0B5CE8429EE05C00073816B /* CustomARView.swift */ = {isa = PBXFileReference; lastKnownFileType = sourcecode.swift; path = CustomARView.swift; sourceTree = "<group>"; };
		B0B5CE8629EE0D200073816B /* CustomARViewRepresentable.swift */ = {isa = PBXFileReference; lastKnownFileType = sourcecode.swift; path = CustomARViewRepresentable.swift; sourceTree = "<group>"; };
		B0B5CE8829EE0DB50073816B /* ARView.swift */ = {isa = PBXFileReference; lastKnownFileType = sourcecode.swift; path = ARView.swift; sourceTree = "<group>"; };
		B0BFCEAA29EF9CAB00A7C129 /* RealityKitView.swift */ = {isa = PBXFileReference; lastKnownFileType = sourcecode.swift; path = RealityKitView.swift; sourceTree = "<group>"; };
		B0DB6F6E29E60D02007CABC6 /* forgotVM.swift */ = {isa = PBXFileReference; lastKnownFileType = sourcecode.swift; path = forgotVM.swift; sourceTree = "<group>"; };
		B0DB6F7229E61E3D007CABC6 /* verificationCodeResponse.swift */ = {isa = PBXFileReference; lastKnownFileType = sourcecode.swift; name = verificationCodeResponse.swift; path = FormulaOneAppAR/View/verificationCodeResponse.swift; sourceTree = SOURCE_ROOT; };
		B0DB6F7429E61FAA007CABC6 /* VerificationCodeRequest.swift */ = {isa = PBXFileReference; lastKnownFileType = sourcecode.swift; path = VerificationCodeRequest.swift; sourceTree = "<group>"; };
/* End PBXFileReference section */

/* Begin PBXFrameworksBuildPhase section */
		7AD5C7D429E0F78B00FAE06E /* Frameworks */ = {
			isa = PBXFrameworksBuildPhase;
			buildActionMask = 2147483647;
			files = (
				7A6798DD2A02FBCE00AFA00B /* SwiftUIX in Frameworks */,
				7AD2B69329FD6E5000465EA2 /* SwiftKeychainWrapper in Frameworks */,
				B0BFCEAE29EFA92B00A7C129 /* FocusEntity in Frameworks */,
			);
			runOnlyForDeploymentPostprocessing = 0;
		};
		7AD5C7EA29E0F78D00FAE06E /* Frameworks */ = {
			isa = PBXFrameworksBuildPhase;
			buildActionMask = 2147483647;
			files = (
			);
			runOnlyForDeploymentPostprocessing = 0;
		};
		7AD5C7F429E0F78D00FAE06E /* Frameworks */ = {
			isa = PBXFrameworksBuildPhase;
			buildActionMask = 2147483647;
			files = (
			);
			runOnlyForDeploymentPostprocessing = 0;
		};
/* End PBXFrameworksBuildPhase section */

/* Begin PBXGroup section */
		2271FEA22A04B3E00027BF41 /* ergast */ = {
			isa = PBXGroup;
			children = (
				2271FEA32A04B3FB0027BF41 /* ergastViewModel.swift */,
			);
			path = ergast;
			sourceTree = "<group>";
		};
		22AD4BBD2A0C3FD3002CCF7D /* Localization */ = {
			isa = PBXGroup;
			children = (
				22AD4BC22A0C4028002CCF7D /* Localizable.strings */,
			);
			path = Localization;
			sourceTree = "<group>";
		};
		7A408F7229E2C4A1009B0304 /* ErrorHandler */ = {
			isa = PBXGroup;
			children = (
				7A408F7329E2C4D2009B0304 /* ErrorHandler.swift */,
			);
			path = ErrorHandler;
			sourceTree = "<group>";
		};
		7A408F7529E2C593009B0304 /* ResquestHandler */ = {
			isa = PBXGroup;
			children = (
				7A408F7B29E2C64E009B0304 /* LoginRequest.swift */,
				7A408F7D29E2C671009B0304 /* ForgotRequest.swift */,
				7A408F7F29E2C68D009B0304 /* EditRequest.swift */,
				7A408F8129E2CBC5009B0304 /* ConfirmResquest.swift */,
				7A408F7729E2C600009B0304 /* LoginRequestBody.swift */,
				7A408F7929E2C61A009B0304 /* signupRequestBody.swift */,
				B0DB6F7429E61FAA007CABC6 /* VerificationCodeRequest.swift */,
			);
			path = ResquestHandler;
			sourceTree = "<group>";
		};
		7A408F7629E2C5A4009B0304 /* ResponseHandler */ = {
			isa = PBXGroup;
			children = (
				B0DB6F7229E61E3D007CABC6 /* verificationCodeResponse.swift */,
			);
			path = ResponseHandler;
			sourceTree = "<group>";
		};
		7A408F8329E2CFBB009B0304 /* Consts */ = {
			isa = PBXGroup;
			children = (
				7A408F8429E2CFD6009B0304 /* Consts.swift */,
			);
			path = Consts;
			sourceTree = "<group>";
		};
		7A408F8629E2D576009B0304 /* Components */ = {
			isa = PBXGroup;
			children = (
				7A408F8729E2D5B0009B0304 /* CheckBox.swift */,
				7AFEC37029E10858007EAA5D /* customViews.swift */,
				7AA6997E29E4C818005FEA9F /* Snackbar.swift */,
				7AA6998229E4D7A1005FEA9F /* CustomsecuretextfieldView.swift */,
				7AA6998429E4D81C005FEA9F /* RoundedCorners.swift */,
				7A96A64B29EF7ABB0004B760 /* RaceCardView.swift */,
				7A96A65C29EFDBAC0004B760 /* DriverStandings.swift */,
			);
			path = Components;
			sourceTree = "<group>";
		};
		7A96A64D29EF999C0004B760 /* Ergast */ = {
			isa = PBXGroup;
			children = (
				7AFEC33D29E0FF45007EAA5D /* ConstructorModel.swift */,
				7A96A64E29EF99CB0004B760 /* Race.swift */,
				7A96A65029EFBB2E0004B760 /* results.swift */,
				7A96A65229EFD8BB0004B760 /* DriverModel.swift */,
				7A96A65429EFD93C0004B760 /* DriverImageModel.swift */,
				7A96A65629EFD9AD0004B760 /* CircuitModel.swift */,
				7A96A65829EFD9F00004B760 /* LocationModel.swift */,
				7A96A65A29EFDA460004B760 /* DriverStandingsModel.swift */,
				2271FE9F2A04B2F80027BF41 /* ergast.swift */,
			);
			path = Ergast;
			sourceTree = "<group>";
		};
		7AA699A429E8E8CD005FEA9F /* WelcomeScreen */ = {
			isa = PBXGroup;
			children = (
				7AFEC36E29E10722007EAA5D /* WelcomeScreenView.swift */,
			);
			path = WelcomeScreen;
			sourceTree = "<group>";
		};
		7AA699A529E8E8F0005FEA9F /* mainScreen */ = {
			isa = PBXGroup;
			children = (
				7AFEC36229E105DC007EAA5D /* mainScreen.swift */,
			);
			path = mainScreen;
			sourceTree = "<group>";
		};
		7AA699AC29E94FD9005FEA9F /* Team */ = {
			isa = PBXGroup;
			children = (
				7AA699AD29E9500C005FEA9F /* TeamView.swift */,
			);
			path = Team;
			sourceTree = "<group>";
		};
		7ABEF71629F2BA65000C4EDB /* TeamView */ = {
			isa = PBXGroup;
			children = (
				7ABEF71729F2BA9F000C4EDB /* CarView.swift */,
				7ABEF71929F2C1D9000C4EDB /* TeamCardView.swift */,
				7ABEF71B29F2C36D000C4EDB /* TeamInformationView.swift */,
				2239F41529FB554F00ACA779 /* carteamview.swift */,
				7AD2B6BC29FEFF9F00465EA2 /* localisationView.swift */,
			);
			path = TeamView;
			sourceTree = "<group>";
		};
		7ABEF71D29F2C3C4000C4EDB /* TeamViewModel */ = {
			isa = PBXGroup;
			children = (
				7ABEF71E29F2C4B5000C4EDB /* ConstructorInformations.swift */,
			);
			path = TeamViewModel;
			sourceTree = "<group>";
		};
		7ABEF72029F405D0000C4EDB /* Font */ = {
			isa = PBXGroup;
			children = (
				7AA83DA229F8999F00E4A9A7 /* RacingSansOne-Regular.ttf */,
				7ABEF74729F6D905000C4EDB /* Sarpanch-Bold.ttf */,
				7ABEF73B29F6D878000C4EDB /* Sarpanch-Black.ttf */,
				7ABEF73F29F6D878000C4EDB /* Sarpanch-ExtraBold.ttf */,
				7ABEF73C29F6D878000C4EDB /* Sarpanch-Medium.ttf */,
				7ABEF73E29F6D878000C4EDB /* Sarpanch-Regular.ttf */,
				7ABEF74029F6D878000C4EDB /* Sarpanch-SemiBold.ttf */,
				7ABEF73929F6D868000C4EDB /* NovaSquare-Regular.ttf */,
				7ABEF73729F6D85D000C4EDB /* KdamThmorPro-Regular.ttf */,
				7ABEF73529F6D264000C4EDB /* KumarOne-Regular.ttf */,
				7ABEF73329F6C748000C4EDB /* VastShadow-Regular.ttf */,
				7ABEF73129F6C54C000C4EDB /* LondrinaShadow.ttf */,
			);
			path = Font;
			sourceTree = "<group>";
		};
		7ACD0E9829E0FAAC00C67816 /* Services */ = {
			isa = PBXGroup;
			children = (
				7AFEC35D29E10102007EAA5D /* Services.swift */,
				7AA699A629E94612005FEA9F /* APIServiceProtocol.swift */,
				7AA699A829E94710005FEA9F /* APIError.swift */,
				7AA699AA29E947A6005FEA9F /* TeamsFetcher.swift */,
				7AD2B69929FD724D00465EA2 /* KeychainStorage.swift */,
			);
			path = Services;
			sourceTree = "<group>";
		};
		7ACD0E9929E0FABF00C67816 /* Ulilities */ = {
			isa = PBXGroup;
			children = (
				22AD4BBD2A0C3FD3002CCF7D /* Localization */,
				7A408F8329E2CFBB009B0304 /* Consts */,
				7A408F7229E2C4A1009B0304 /* ErrorHandler */,
				7AFEC38129E10D5E007EAA5D /* ReactiveFlow */,
			);
			path = Ulilities;
			sourceTree = "<group>";
		};
		7ACD0E9A29E0FADB00C67816 /* Model */ = {
			isa = PBXGroup;
			children = (
				7A96A64D29EF999C0004B760 /* Ergast */,
				7A408F7629E2C5A4009B0304 /* ResponseHandler */,
				7A408F7529E2C593009B0304 /* ResquestHandler */,
				7ACD0E9829E0FAAC00C67816 /* Services */,
				7AFEC33C29E0FF45007EAA5D /* User.swift */,
				7AD2B69729FD71DF00465EA2 /* Credentials.swift */,
			);
			path = Model;
			sourceTree = "<group>";
		};
		7ACD0E9B29E0FAF800C67816 /* ViewModel */ = {
			isa = PBXGroup;
			children = (
				2271FEA22A04B3E00027BF41 /* ergast */,
				7ABEF71D29F2C3C4000C4EDB /* TeamViewModel */,
				7AA699B529EF4521005FEA9F /* homeVM.swift */,
				7AFEC34029E0FF5E007EAA5D /* Content-ViewModel.swift */,
				7A408F8929E2D8A6009B0304 /* LoginVM.swift */,
				7A408F8B29E2D8B9009B0304 /* ResgisterVM.swift */,
				7A408F8D29E2D925009B0304 /* ProfileVM.swift */,
				7A408F9129E34F8A009B0304 /* EditProfileVM.swift */,
				B0DB6F6E29E60D02007CABC6 /* forgotVM.swift */,
			);
			path = ViewModel;
			sourceTree = "<group>";
		};
		7ACD0E9C29E0FB1700C67816 /* View */ = {
			isa = PBXGroup;
			children = (
				B0069BFD2A031505007CD96E /* RoundView */,
				7AD2B69429FD712300465EA2 /* Authentication */,
				7ABEF71629F2BA65000C4EDB /* TeamView */,
				7AA699AC29E94FD9005FEA9F /* Team */,
				7AA699A529E8E8F0005FEA9F /* mainScreen */,
				7AA699A429E8E8CD005FEA9F /* WelcomeScreen */,
				7AFEC36429E105FD007EAA5D /* Profile */,
				7AFEC37F29E10C8D007EAA5D /* FullScreenNavigationViewType.swift */,
				B0069C012A031D37007CD96E /* CarsView.swift */,
				7AFEC37D29E10C63007EAA5D /* FullScreenNavigationView.swift */,
				7A408F8F29E2DC0E009B0304 /* SplashScreen.swift */,
				7AA699AF29EF44C8005FEA9F /* home.swift */,
				7ABEF74929F74781000C4EDB /* uploadimg.swift */,
				7ABEF74B29F7AD42000C4EDB /* downloadimage.swift */,
				7AD2B6BE29FF114800465EA2 /* SearchView.swift */,
			);
			path = View;
			sourceTree = "<group>";
		};
		7AD2B69429FD712300465EA2 /* Authentication */ = {
			isa = PBXGroup;
			children = (
				7AFEC36729E1066B007EAA5D /* LoginView.swift */,
				7AFEC37929E10BCF007EAA5D /* ForgetView.swift */,
				7AA6998029E4CA85005FEA9F /* RegisterView.swift */,
			);
			path = Authentication;
			sourceTree = "<group>";
		};
		7AD5C7CE29E0F78A00FAE06E = {
			isa = PBXGroup;
			children = (
				7AD5C7D929E0F78B00FAE06E /* FormulaOneAppAR */,
				7AD5C7F029E0F78D00FAE06E /* FormulaOneAppARTests */,
				7AD5C7FA29E0F78D00FAE06E /* FormulaOneAppARUITests */,
				7AD5C7D829E0F78B00FAE06E /* Products */,
			);
			sourceTree = "<group>";
		};
		7AD5C7D829E0F78B00FAE06E /* Products */ = {
			isa = PBXGroup;
			children = (
				7AD5C7D729E0F78B00FAE06E /* FormulaOneAppAR.app */,
				7AD5C7ED29E0F78D00FAE06E /* FormulaOneAppARTests.xctest */,
				7AD5C7F729E0F78D00FAE06E /* FormulaOneAppARUITests.xctest */,
			);
			name = Products;
			sourceTree = "<group>";
		};
		7AD5C7D929E0F78B00FAE06E /* FormulaOneAppAR */ = {
			isa = PBXGroup;
			children = (
				7ABEF72D29F49475000C4EDB /* Info.plist */,
				7ABEF72029F405D0000C4EDB /* Font */,
				B0B5CE8329EE02850073816B /* AR */,
				7A408F8629E2D576009B0304 /* Components */,
				7ACD0E9A29E0FADB00C67816 /* Model */,
				7ACD0E9C29E0FB1700C67816 /* View */,
				7ACD0E9B29E0FAF800C67816 /* ViewModel */,
				7ACD0E9929E0FABF00C67816 /* Ulilities */,
				7AD5C7DA29E0F78B00FAE06E /* FormulaOneAppARApp.swift */,
				7AD5C7DC29E0F78B00FAE06E /* Persistence.swift */,
				7AD5C7E129E0F78B00FAE06E /* ContentView.swift */,
				7AC3A2BD29F1EE2200F2659A /* formula.usdz */,
				7AD2B6C22A02EEAA00465EA2 /* formulared.usdz */,
				7AD2B6C82A02EEB400465EA2 /* formulaEsprit.usdz */,
				7AD2B6C02A02EEA100465EA2 /* formula 4.usdz */,
				7A2DFD832A08FF3D00CCE5C1 /* ferrari.usdz */,
				7AD5C7E329E0F78D00FAE06E /* Assets.xcassets */,
				7AD5C7E529E0F78D00FAE06E /* FormulaOneAppAR.entitlements */,
				7AD5C7DE29E0F78B00FAE06E /* FormulaOneAppAR.xcdatamodeld */,
				7AD5C7E629E0F78D00FAE06E /* Preview Content */,
				7ABEF72329F4710D000C4EDB /* SwiftUIView.swift */,
				7AD2B69529FD717200465EA2 /* Authentication.swift */,
				7AD2B69B29FD72B400465EA2 /* UIApplication.swift */,
			);
			path = FormulaOneAppAR;
			sourceTree = "<group>";
		};
		7AD5C7E629E0F78D00FAE06E /* Preview Content */ = {
			isa = PBXGroup;
			children = (
				7AD5C7E729E0F78D00FAE06E /* Preview Assets.xcassets */,
			);
			path = "Preview Content";
			sourceTree = "<group>";
		};
		7AD5C7F029E0F78D00FAE06E /* FormulaOneAppARTests */ = {
			isa = PBXGroup;
			children = (
				7AD5C7F129E0F78D00FAE06E /* FormulaOneAppARTests.swift */,
			);
			path = FormulaOneAppARTests;
			sourceTree = "<group>";
		};
		7AD5C7FA29E0F78D00FAE06E /* FormulaOneAppARUITests */ = {
			isa = PBXGroup;
			children = (
				7AD5C7FB29E0F78D00FAE06E /* FormulaOneAppARUITests.swift */,
				7AD5C7FD29E0F78D00FAE06E /* FormulaOneAppARUITestsLaunchTests.swift */,
			);
			path = FormulaOneAppARUITests;
			sourceTree = "<group>";
		};
		7AFEC36429E105FD007EAA5D /* Profile */ = {
			isa = PBXGroup;
			children = (
				7AFEC37229E109E0007EAA5D /* Subview */,
				7AFEC37729E10B10007EAA5D /* Profile.swift */,
				7AD2B69F29FEC5A800465EA2 /* modeView.swift */,
			);
			path = Profile;
			sourceTree = "<group>";
		};
		7AFEC37229E109E0007EAA5D /* Subview */ = {
			isa = PBXGroup;
			children = (
				7AFEC37329E10A15007EAA5D /* ChangePassword.swift */,
				7AFEC37529E10A6E007EAA5D /* EditProfil.swift */,
			);
			path = Subview;
			sourceTree = "<group>";
		};
		7AFEC38129E10D5E007EAA5D /* ReactiveFlow */ = {
			isa = PBXGroup;
			children = (
				7AFEC38229E10DAB007EAA5D /* AppEventsManager.swift */,
				7AFEC38429E10DF9007EAA5D /* SetReactiveMethods.swift */,
			);
			path = ReactiveFlow;
			sourceTree = "<group>";
		};
		B0069BFD2A031505007CD96E /* RoundView */ = {
			isa = PBXGroup;
			children = (
				B0069BFE2A031C77007CD96E /* RoundInformationView.swift */,
				22AD4BBB2A0C322C002CCF7D /* testnav.swift */,
			);
			path = RoundView;
			sourceTree = "<group>";
		};
		B0B5CE8329EE02850073816B /* AR */ = {
			isa = PBXGroup;
			children = (
				B0B5CE8429EE05C00073816B /* CustomARView.swift */,
				B0B5CE8629EE0D200073816B /* CustomARViewRepresentable.swift */,
				B0B5CE8829EE0DB50073816B /* ARView.swift */,
				B0BFCEAA29EF9CAB00A7C129 /* RealityKitView.swift */,
				7AC3A2BF29F20BF400F2659A /* test.swift */,
				7AA83DA429F92D4C00E4A9A7 /* ImportfARFile.swift */,
				2271FE9C2A043C5A0027BF41 /* ARScreenshotView.swift */,
			);
			path = AR;
			sourceTree = "<group>";
		};
/* End PBXGroup section */

/* Begin PBXNativeTarget section */
		7AD5C7D629E0F78B00FAE06E /* FormulaOneAppAR */ = {
			isa = PBXNativeTarget;
			buildConfigurationList = 7AD5C80129E0F78D00FAE06E /* Build configuration list for PBXNativeTarget "FormulaOneAppAR" */;
			buildPhases = (
				7AD5C7D329E0F78B00FAE06E /* Sources */,
				7AD5C7D429E0F78B00FAE06E /* Frameworks */,
				7AD5C7D529E0F78B00FAE06E /* Resources */,
			);
			buildRules = (
			);
			dependencies = (
			);
			name = FormulaOneAppAR;
			packageProductDependencies = (
				B0BFCEAD29EFA92B00A7C129 /* FocusEntity */,
				7AD2B69229FD6E5000465EA2 /* SwiftKeychainWrapper */,
				7A6798DC2A02FBCE00AFA00B /* SwiftUIX */,
			);
			productName = FormulaOneAppAR;
			productReference = 7AD5C7D729E0F78B00FAE06E /* FormulaOneAppAR.app */;
			productType = "com.apple.product-type.application";
		};
		7AD5C7EC29E0F78D00FAE06E /* FormulaOneAppARTests */ = {
			isa = PBXNativeTarget;
			buildConfigurationList = 7AD5C80429E0F78D00FAE06E /* Build configuration list for PBXNativeTarget "FormulaOneAppARTests" */;
			buildPhases = (
				7AD5C7E929E0F78D00FAE06E /* Sources */,
				7AD5C7EA29E0F78D00FAE06E /* Frameworks */,
				7AD5C7EB29E0F78D00FAE06E /* Resources */,
			);
			buildRules = (
			);
			dependencies = (
				7AD5C7EF29E0F78D00FAE06E /* PBXTargetDependency */,
			);
			name = FormulaOneAppARTests;
			productName = FormulaOneAppARTests;
			productReference = 7AD5C7ED29E0F78D00FAE06E /* FormulaOneAppARTests.xctest */;
			productType = "com.apple.product-type.bundle.unit-test";
		};
		7AD5C7F629E0F78D00FAE06E /* FormulaOneAppARUITests */ = {
			isa = PBXNativeTarget;
			buildConfigurationList = 7AD5C80729E0F78D00FAE06E /* Build configuration list for PBXNativeTarget "FormulaOneAppARUITests" */;
			buildPhases = (
				7AD5C7F329E0F78D00FAE06E /* Sources */,
				7AD5C7F429E0F78D00FAE06E /* Frameworks */,
				7AD5C7F529E0F78D00FAE06E /* Resources */,
			);
			buildRules = (
			);
			dependencies = (
				7AD5C7F929E0F78D00FAE06E /* PBXTargetDependency */,
			);
			name = FormulaOneAppARUITests;
			productName = FormulaOneAppARUITests;
			productReference = 7AD5C7F729E0F78D00FAE06E /* FormulaOneAppARUITests.xctest */;
			productType = "com.apple.product-type.bundle.ui-testing";
		};
/* End PBXNativeTarget section */

/* Begin PBXProject section */
		7AD5C7CF29E0F78A00FAE06E /* Project object */ = {
			isa = PBXProject;
			attributes = {
				BuildIndependentTargetsInParallel = 1;
				LastSwiftUpdateCheck = 1420;
				LastUpgradeCheck = 1420;
				TargetAttributes = {
					7AD5C7D629E0F78B00FAE06E = {
						CreatedOnToolsVersion = 14.2;
					};
					7AD5C7EC29E0F78D00FAE06E = {
						CreatedOnToolsVersion = 14.2;
						TestTargetID = 7AD5C7D629E0F78B00FAE06E;
					};
					7AD5C7F629E0F78D00FAE06E = {
						CreatedOnToolsVersion = 14.2;
						TestTargetID = 7AD5C7D629E0F78B00FAE06E;
					};
				};
			};
			buildConfigurationList = 7AD5C7D229E0F78A00FAE06E /* Build configuration list for PBXProject "FormulaOneAppAR" */;
			compatibilityVersion = "Xcode 14.0";
			developmentRegion = en;
			hasScannedForEncodings = 0;
			knownRegions = (
				en,
				Base,
				fr,
			);
			mainGroup = 7AD5C7CE29E0F78A00FAE06E;
			packageReferences = (
				B0BFCEAC29EFA92B00A7C129 /* XCRemoteSwiftPackageReference "FocusEntity" */,
				7AD2B69129FD6E5000465EA2 /* XCRemoteSwiftPackageReference "SwiftKeychainWrapper" */,
				7A6798DB2A02FBCE00AFA00B /* XCRemoteSwiftPackageReference "SwiftUIX" */,
			);
			productRefGroup = 7AD5C7D829E0F78B00FAE06E /* Products */;
			projectDirPath = "";
			projectRoot = "";
			targets = (
				7AD5C7D629E0F78B00FAE06E /* FormulaOneAppAR */,
				7AD5C7EC29E0F78D00FAE06E /* FormulaOneAppARTests */,
				7AD5C7F629E0F78D00FAE06E /* FormulaOneAppARUITests */,
			);
		};
/* End PBXProject section */

/* Begin PBXResourcesBuildPhase section */
		7AD5C7D529E0F78B00FAE06E /* Resources */ = {
			isa = PBXResourcesBuildPhase;
			buildActionMask = 2147483647;
			files = (
				7ABEF74529F6D878000C4EDB /* Sarpanch-ExtraBold.ttf in Resources */,
				7ABEF74829F6D905000C4EDB /* Sarpanch-Bold.ttf in Resources */,
				7ABEF73429F6C748000C4EDB /* VastShadow-Regular.ttf in Resources */,
				7ABEF73629F6D265000C4EDB /* KumarOne-Regular.ttf in Resources */,
				7ABEF73829F6D85D000C4EDB /* KdamThmorPro-Regular.ttf in Resources */,
				7AD2B6C12A02EEA100465EA2 /* formula 4.usdz in Resources */,
				7ABEF74129F6D878000C4EDB /* Sarpanch-Black.ttf in Resources */,
				7AD5C7E829E0F78D00FAE06E /* Preview Assets.xcassets in Resources */,
				7ABEF74229F6D878000C4EDB /* Sarpanch-Medium.ttf in Resources */,
				7AD5C7E429E0F78D00FAE06E /* Assets.xcassets in Resources */,
				22AD4BC02A0C4028002CCF7D /* Localizable.strings in Resources */,
				7AA83DA329F899A000E4A9A7 /* RacingSansOne-Regular.ttf in Resources */,
				7A2DFD842A08FF3D00CCE5C1 /* ferrari.usdz in Resources */,
				7AC3A2BE29F1EE2300F2659A /* formula.usdz in Resources */,
				7ABEF73A29F6D869000C4EDB /* NovaSquare-Regular.ttf in Resources */,
				7ABEF74629F6D878000C4EDB /* Sarpanch-SemiBold.ttf in Resources */,
				7AD2B6C32A02EEAA00465EA2 /* formulared.usdz in Resources */,
				7AD2B6C92A02EEB400465EA2 /* formulaEsprit.usdz in Resources */,
				7ABEF73229F6C54C000C4EDB /* LondrinaShadow.ttf in Resources */,
				7ABEF74429F6D878000C4EDB /* Sarpanch-Regular.ttf in Resources */,
			);
			runOnlyForDeploymentPostprocessing = 0;
		};
		7AD5C7EB29E0F78D00FAE06E /* Resources */ = {
			isa = PBXResourcesBuildPhase;
			buildActionMask = 2147483647;
			files = (
				7ABEF72F29F495CE000C4EDB /* Info.plist in Resources */,
			);
			runOnlyForDeploymentPostprocessing = 0;
		};
		7AD5C7F529E0F78D00FAE06E /* Resources */ = {
			isa = PBXResourcesBuildPhase;
			buildActionMask = 2147483647;
			files = (
				7AD2B6C42A02EEAA00465EA2 /* formulared.usdz in Resources */,
				7ABEF73029F495E6000C4EDB /* Info.plist in Resources */,
				7AD2B6CA2A02EEB400465EA2 /* formulaEsprit.usdz in Resources */,
			);
			runOnlyForDeploymentPostprocessing = 0;
		};
/* End PBXResourcesBuildPhase section */

/* Begin PBXSourcesBuildPhase section */
		7AD5C7D329E0F78B00FAE06E /* Sources */ = {
			isa = PBXSourcesBuildPhase;
			buildActionMask = 2147483647;
			files = (
				7A96A65129EFBB2E0004B760 /* results.swift in Sources */,
				7A408F9229E34F8A009B0304 /* EditProfileVM.swift in Sources */,
				7ABEF72429F4710D000C4EDB /* SwiftUIView.swift in Sources */,
				7AFEC33F29E0FF45007EAA5D /* ConstructorModel.swift in Sources */,
				7A96A64C29EF7ABB0004B760 /* RaceCardView.swift in Sources */,
				7AA6997F29E4C818005FEA9F /* Snackbar.swift in Sources */,
				B0BFCEAB29EF9CAB00A7C129 /* RealityKitView.swift in Sources */,
				B0B5CE8929EE0DB50073816B /* ARView.swift in Sources */,
				B0DB6F7529E61FAA007CABC6 /* VerificationCodeRequest.swift in Sources */,
				7A408F8529E2CFD6009B0304 /* Consts.swift in Sources */,
				B0DB6F6F29E60D02007CABC6 /* forgotVM.swift in Sources */,
				7A408F7E29E2C671009B0304 /* ForgotRequest.swift in Sources */,
				7AA699A929E94710005FEA9F /* APIError.swift in Sources */,
				7ABEF74C29F7AD42000C4EDB /* downloadimage.swift in Sources */,
				7AA699AE29E9500C005FEA9F /* TeamView.swift in Sources */,
				7A408F7829E2C600009B0304 /* LoginRequestBody.swift in Sources */,
				7A408F8A29E2D8A6009B0304 /* LoginVM.swift in Sources */,
				7AD2B6A029FEC5A800465EA2 /* modeView.swift in Sources */,
				7ABEF71A29F2C1D9000C4EDB /* TeamCardView.swift in Sources */,
				7AFEC37E29E10C63007EAA5D /* FullScreenNavigationView.swift in Sources */,
				2271FE9D2A043C5B0027BF41 /* ARScreenshotView.swift in Sources */,
				7AD5C7E029E0F78B00FAE06E /* FormulaOneAppAR.xcdatamodeld in Sources */,
				7AA6998129E4CA85005FEA9F /* RegisterView.swift in Sources */,
				7AFEC37A29E10BCF007EAA5D /* ForgetView.swift in Sources */,
				7A96A65D29EFDBAC0004B760 /* DriverStandings.swift in Sources */,
				7A408F7C29E2C64E009B0304 /* LoginRequest.swift in Sources */,
				7AA699AB29E947A6005FEA9F /* TeamsFetcher.swift in Sources */,
				7AFEC38029E10C8D007EAA5D /* FullScreenNavigationViewType.swift in Sources */,
				7AA6998329E4D7A1005FEA9F /* CustomsecuretextfieldView.swift in Sources */,
				7A408F8C29E2D8B9009B0304 /* ResgisterVM.swift in Sources */,
				2239F41629FB554F00ACA779 /* carteamview.swift in Sources */,
				7AD2B69A29FD724D00465EA2 /* KeychainStorage.swift in Sources */,
				7A96A65329EFD8BB0004B760 /* DriverModel.swift in Sources */,
				7AFEC36829E1066B007EAA5D /* LoginView.swift in Sources */,
				7ABEF71C29F2C36D000C4EDB /* TeamInformationView.swift in Sources */,
				7AD2B6BF29FF114800465EA2 /* SearchView.swift in Sources */,
				7AA6998529E4D81C005FEA9F /* RoundedCorners.swift in Sources */,
				7AFEC36329E105DC007EAA5D /* mainScreen.swift in Sources */,
				7A96A65B29EFDA460004B760 /* DriverStandingsModel.swift in Sources */,
				7AD5C7DB29E0F78B00FAE06E /* FormulaOneAppARApp.swift in Sources */,
				7AFEC37429E10A15007EAA5D /* ChangePassword.swift in Sources */,
				7A408F8E29E2D925009B0304 /* ProfileVM.swift in Sources */,
				7A408F7429E2C4D2009B0304 /* ErrorHandler.swift in Sources */,
				7AD2B6BD29FEFF9F00465EA2 /* localisationView.swift in Sources */,
				B0B5CE8729EE0D200073816B /* CustomARViewRepresentable.swift in Sources */,
				2271FEA02A04B2F80027BF41 /* ergast.swift in Sources */,
				7A408F8229E2CBC5009B0304 /* ConfirmResquest.swift in Sources */,
				B0069C022A031D37007CD96E /* CarsView.swift in Sources */,
				2271FEA42A04B3FB0027BF41 /* ergastViewModel.swift in Sources */,
				7ABEF71F29F2C4B5000C4EDB /* ConstructorInformations.swift in Sources */,
				7AA699B029EF44C8005FEA9F /* home.swift in Sources */,
				7A408F8029E2C68D009B0304 /* EditRequest.swift in Sources */,
				7AFEC37129E10858007EAA5D /* customViews.swift in Sources */,
				7AFEC37629E10A6E007EAA5D /* EditProfil.swift in Sources */,
				7AFEC37829E10B10007EAA5D /* Profile.swift in Sources */,
				7AFEC36F29E10722007EAA5D /* WelcomeScreenView.swift in Sources */,
				7AFEC38529E10DF9007EAA5D /* SetReactiveMethods.swift in Sources */,
				7A96A65729EFD9AD0004B760 /* CircuitModel.swift in Sources */,
				7A96A65929EFD9F00004B760 /* LocationModel.swift in Sources */,
				7AA83DA529F92D4C00E4A9A7 /* ImportfARFile.swift in Sources */,
				7A96A65529EFD93C0004B760 /* DriverImageModel.swift in Sources */,
				7AD2B69C29FD72B400465EA2 /* UIApplication.swift in Sources */,
				7A408F7A29E2C61A009B0304 /* signupRequestBody.swift in Sources */,
				7A408F8829E2D5B0009B0304 /* CheckBox.swift in Sources */,
				7AFEC34129E0FF5E007EAA5D /* Content-ViewModel.swift in Sources */,
				B0DB6F7329E61E3D007CABC6 /* verificationCodeResponse.swift in Sources */,
				7AD5C7E229E0F78B00FAE06E /* ContentView.swift in Sources */,
				7ABEF71829F2BA9F000C4EDB /* CarView.swift in Sources */,
				7ABEF74A29F74781000C4EDB /* uploadimg.swift in Sources */,
				7A408F9029E2DC0E009B0304 /* SplashScreen.swift in Sources */,
				7A96A64F29EF99CB0004B760 /* Race.swift in Sources */,
				7AFEC33E29E0FF45007EAA5D /* User.swift in Sources */,
				7AC3A2C029F20BF400F2659A /* test.swift in Sources */,
				7AA699A729E94612005FEA9F /* APIServiceProtocol.swift in Sources */,
				7AFEC38329E10DAB007EAA5D /* AppEventsManager.swift in Sources */,
				7AD2B69829FD71DF00465EA2 /* Credentials.swift in Sources */,
				7AFEC35E29E10102007EAA5D /* Services.swift in Sources */,
				22AD4BBC2A0C322C002CCF7D /* testnav.swift in Sources */,
				7AA699B629EF4521005FEA9F /* homeVM.swift in Sources */,
				B0B5CE8529EE05C00073816B /* CustomARView.swift in Sources */,
				7AD2B69629FD717200465EA2 /* Authentication.swift in Sources */,
				7AD5C7DD29E0F78B00FAE06E /* Persistence.swift in Sources */,
				B0069BFF2A031C77007CD96E /* RoundInformationView.swift in Sources */,
			);
			runOnlyForDeploymentPostprocessing = 0;
		};
		7AD5C7E929E0F78D00FAE06E /* Sources */ = {
			isa = PBXSourcesBuildPhase;
			buildActionMask = 2147483647;
			files = (
				7AD5C7F229E0F78D00FAE06E /* FormulaOneAppARTests.swift in Sources */,
			);
			runOnlyForDeploymentPostprocessing = 0;
		};
		7AD5C7F329E0F78D00FAE06E /* Sources */ = {
			isa = PBXSourcesBuildPhase;
			buildActionMask = 2147483647;
			files = (
				7AD5C7FC29E0F78D00FAE06E /* FormulaOneAppARUITests.swift in Sources */,
				2271FE9E2A043C5B0027BF41 /* ARScreenshotView.swift in Sources */,
				2271FEA12A04B2F80027BF41 /* ergast.swift in Sources */,
				7AD5C7FE29E0F78D00FAE06E /* FormulaOneAppARUITestsLaunchTests.swift in Sources */,
				2271FEA52A04B3FB0027BF41 /* ergastViewModel.swift in Sources */,
				B0069C002A031C77007CD96E /* RoundInformationView.swift in Sources */,
			);
			runOnlyForDeploymentPostprocessing = 0;
		};
/* End PBXSourcesBuildPhase section */

/* Begin PBXTargetDependency section */
		7AD5C7EF29E0F78D00FAE06E /* PBXTargetDependency */ = {
			isa = PBXTargetDependency;
			target = 7AD5C7D629E0F78B00FAE06E /* FormulaOneAppAR */;
			targetProxy = 7AD5C7EE29E0F78D00FAE06E /* PBXContainerItemProxy */;
		};
		7AD5C7F929E0F78D00FAE06E /* PBXTargetDependency */ = {
			isa = PBXTargetDependency;
			target = 7AD5C7D629E0F78B00FAE06E /* FormulaOneAppAR */;
			targetProxy = 7AD5C7F829E0F78D00FAE06E /* PBXContainerItemProxy */;
		};
/* End PBXTargetDependency section */

/* Begin PBXVariantGroup section */
		22AD4BC22A0C4028002CCF7D /* Localizable.strings */ = {
			isa = PBXVariantGroup;
			children = (
				22AD4BC12A0C4028002CCF7D /* en */,
				22AD4BC32A0C4060002CCF7D /* fr */,
			);
			name = Localizable.strings;
			sourceTree = "<group>";
		};
/* End PBXVariantGroup section */

/* Begin XCBuildConfiguration section */
		7AD5C7FF29E0F78D00FAE06E /* Debug */ = {
			isa = XCBuildConfiguration;
			buildSettings = {
				ALWAYS_SEARCH_USER_PATHS = NO;
				CLANG_ANALYZER_LOCALIZABILITY_NONLOCALIZED = YES;
				CLANG_ANALYZER_NONNULL = YES;
				CLANG_ANALYZER_NUMBER_OBJECT_CONVERSION = YES_AGGRESSIVE;
				CLANG_CXX_LANGUAGE_STANDARD = "gnu++20";
				CLANG_ENABLE_MODULES = YES;
				CLANG_ENABLE_OBJC_ARC = YES;
				CLANG_ENABLE_OBJC_WEAK = YES;
				CLANG_WARN_BLOCK_CAPTURE_AUTORELEASING = YES;
				CLANG_WARN_BOOL_CONVERSION = YES;
				CLANG_WARN_COMMA = YES;
				CLANG_WARN_CONSTANT_CONVERSION = YES;
				CLANG_WARN_DEPRECATED_OBJC_IMPLEMENTATIONS = YES;
				CLANG_WARN_DIRECT_OBJC_ISA_USAGE = YES_ERROR;
				CLANG_WARN_DOCUMENTATION_COMMENTS = YES;
				CLANG_WARN_EMPTY_BODY = YES;
				CLANG_WARN_ENUM_CONVERSION = YES;
				CLANG_WARN_INFINITE_RECURSION = YES;
				CLANG_WARN_INT_CONVERSION = YES;
				CLANG_WARN_NON_LITERAL_NULL_CONVERSION = YES;
				CLANG_WARN_OBJC_IMPLICIT_RETAIN_SELF = YES;
				CLANG_WARN_OBJC_LITERAL_CONVERSION = YES;
				CLANG_WARN_OBJC_ROOT_CLASS = YES_ERROR;
				CLANG_WARN_QUOTED_INCLUDE_IN_FRAMEWORK_HEADER = YES;
				CLANG_WARN_RANGE_LOOP_ANALYSIS = YES;
				CLANG_WARN_STRICT_PROTOTYPES = YES;
				CLANG_WARN_SUSPICIOUS_MOVE = YES;
				CLANG_WARN_UNGUARDED_AVAILABILITY = YES_AGGRESSIVE;
				CLANG_WARN_UNREACHABLE_CODE = YES;
				CLANG_WARN__DUPLICATE_METHOD_MATCH = YES;
				COPY_PHASE_STRIP = NO;
				DEBUG_INFORMATION_FORMAT = dwarf;
				ENABLE_STRICT_OBJC_MSGSEND = YES;
				ENABLE_TESTABILITY = YES;
				GCC_C_LANGUAGE_STANDARD = gnu11;
				GCC_DYNAMIC_NO_PIC = NO;
				GCC_NO_COMMON_BLOCKS = YES;
				GCC_OPTIMIZATION_LEVEL = 0;
				GCC_PREPROCESSOR_DEFINITIONS = (
					"DEBUG=1",
					"$(inherited)",
				);
				GCC_WARN_64_TO_32_BIT_CONVERSION = YES;
				GCC_WARN_ABOUT_RETURN_TYPE = YES_ERROR;
				GCC_WARN_UNDECLARED_SELECTOR = YES;
				GCC_WARN_UNINITIALIZED_AUTOS = YES_AGGRESSIVE;
				GCC_WARN_UNUSED_FUNCTION = YES;
				GCC_WARN_UNUSED_VARIABLE = YES;
				IPHONEOS_DEPLOYMENT_TARGET = 16.1;
				MTL_ENABLE_DEBUG_INFO = INCLUDE_SOURCE;
				MTL_FAST_MATH = YES;
				ONLY_ACTIVE_ARCH = YES;
				SWIFT_ACTIVE_COMPILATION_CONDITIONS = DEBUG;
				SWIFT_OPTIMIZATION_LEVEL = "-Onone";
			};
			name = Debug;
		};
		7AD5C80029E0F78D00FAE06E /* Release */ = {
			isa = XCBuildConfiguration;
			buildSettings = {
				ALWAYS_SEARCH_USER_PATHS = NO;
				CLANG_ANALYZER_LOCALIZABILITY_NONLOCALIZED = YES;
				CLANG_ANALYZER_NONNULL = YES;
				CLANG_ANALYZER_NUMBER_OBJECT_CONVERSION = YES_AGGRESSIVE;
				CLANG_CXX_LANGUAGE_STANDARD = "gnu++20";
				CLANG_ENABLE_MODULES = YES;
				CLANG_ENABLE_OBJC_ARC = YES;
				CLANG_ENABLE_OBJC_WEAK = YES;
				CLANG_WARN_BLOCK_CAPTURE_AUTORELEASING = YES;
				CLANG_WARN_BOOL_CONVERSION = YES;
				CLANG_WARN_COMMA = YES;
				CLANG_WARN_CONSTANT_CONVERSION = YES;
				CLANG_WARN_DEPRECATED_OBJC_IMPLEMENTATIONS = YES;
				CLANG_WARN_DIRECT_OBJC_ISA_USAGE = YES_ERROR;
				CLANG_WARN_DOCUMENTATION_COMMENTS = YES;
				CLANG_WARN_EMPTY_BODY = YES;
				CLANG_WARN_ENUM_CONVERSION = YES;
				CLANG_WARN_INFINITE_RECURSION = YES;
				CLANG_WARN_INT_CONVERSION = YES;
				CLANG_WARN_NON_LITERAL_NULL_CONVERSION = YES;
				CLANG_WARN_OBJC_IMPLICIT_RETAIN_SELF = YES;
				CLANG_WARN_OBJC_LITERAL_CONVERSION = YES;
				CLANG_WARN_OBJC_ROOT_CLASS = YES_ERROR;
				CLANG_WARN_QUOTED_INCLUDE_IN_FRAMEWORK_HEADER = YES;
				CLANG_WARN_RANGE_LOOP_ANALYSIS = YES;
				CLANG_WARN_STRICT_PROTOTYPES = YES;
				CLANG_WARN_SUSPICIOUS_MOVE = YES;
				CLANG_WARN_UNGUARDED_AVAILABILITY = YES_AGGRESSIVE;
				CLANG_WARN_UNREACHABLE_CODE = YES;
				CLANG_WARN__DUPLICATE_METHOD_MATCH = YES;
				COPY_PHASE_STRIP = NO;
				DEBUG_INFORMATION_FORMAT = "dwarf-with-dsym";
				ENABLE_NS_ASSERTIONS = NO;
				ENABLE_STRICT_OBJC_MSGSEND = YES;
				GCC_C_LANGUAGE_STANDARD = gnu11;
				GCC_NO_COMMON_BLOCKS = YES;
				GCC_WARN_64_TO_32_BIT_CONVERSION = YES;
				GCC_WARN_ABOUT_RETURN_TYPE = YES_ERROR;
				GCC_WARN_UNDECLARED_SELECTOR = YES;
				GCC_WARN_UNINITIALIZED_AUTOS = YES_AGGRESSIVE;
				GCC_WARN_UNUSED_FUNCTION = YES;
				GCC_WARN_UNUSED_VARIABLE = YES;
				IPHONEOS_DEPLOYMENT_TARGET = 16.1;
				MTL_ENABLE_DEBUG_INFO = NO;
				MTL_FAST_MATH = YES;
				SWIFT_COMPILATION_MODE = wholemodule;
				SWIFT_OPTIMIZATION_LEVEL = "-O";
			};
			name = Release;
		};
		7AD5C80229E0F78D00FAE06E /* Debug */ = {
			isa = XCBuildConfiguration;
			buildSettings = {
				ASSETCATALOG_COMPILER_APPICON_NAME = AppIcon;
				ASSETCATALOG_COMPILER_GLOBAL_ACCENT_COLOR_NAME = AccentColor;
				CODE_SIGN_ENTITLEMENTS = FormulaOneAppAR/FormulaOneAppAR.entitlements;
				CODE_SIGN_STYLE = Automatic;
				CURRENT_PROJECT_VERSION = 1;
				DEVELOPMENT_ASSET_PATHS = "\"FormulaOneAppAR/Preview Content\"";
				DEVELOPMENT_TEAM = JLWNNCVZ35;
				ENABLE_PREVIEWS = YES;
				GENERATE_INFOPLIST_FILE = YES;
				INFOPLIST_FILE = FormulaOneAppAR/Info.plist;
				INFOPLIST_KEY_CFBundleDisplayName = ForumlaOneAR;
				INFOPLIST_KEY_LSApplicationCategoryType = "public.app-category.news";
				INFOPLIST_KEY_NSAppleMusicUsageDescription = heelooo;
				INFOPLIST_KEY_NSCameraUsageDescription = "Neede to show the AR view";
				INFOPLIST_KEY_NSFaceIDUsageDescription = "FaceId needed to save your credentials";
				INFOPLIST_KEY_NSPhotoLibraryAddUsageDescription = hiiiii;
				INFOPLIST_KEY_NSPhotoLibraryUsageDescription = hi;
				"INFOPLIST_KEY_UIApplicationSceneManifest_Generation[sdk=iphoneos*]" = YES;
				"INFOPLIST_KEY_UIApplicationSceneManifest_Generation[sdk=iphonesimulator*]" = YES;
				"INFOPLIST_KEY_UIApplicationSupportsIndirectInputEvents[sdk=iphoneos*]" = YES;
				"INFOPLIST_KEY_UIApplicationSupportsIndirectInputEvents[sdk=iphonesimulator*]" = YES;
				"INFOPLIST_KEY_UILaunchScreen_Generation[sdk=iphoneos*]" = YES;
				"INFOPLIST_KEY_UILaunchScreen_Generation[sdk=iphonesimulator*]" = YES;
				"INFOPLIST_KEY_UIStatusBarStyle[sdk=iphoneos*]" = UIStatusBarStyleDefault;
				"INFOPLIST_KEY_UIStatusBarStyle[sdk=iphonesimulator*]" = UIStatusBarStyleDefault;
				INFOPLIST_KEY_UISupportedInterfaceOrientations_iPad = "UIInterfaceOrientationPortrait UIInterfaceOrientationPortraitUpsideDown UIInterfaceOrientationLandscapeLeft UIInterfaceOrientationLandscapeRight";
				INFOPLIST_KEY_UISupportedInterfaceOrientations_iPhone = "UIInterfaceOrientationPortrait UIInterfaceOrientationLandscapeLeft UIInterfaceOrientationLandscapeRight";
				IPHONEOS_DEPLOYMENT_TARGET = 16.1;
				LD_RUNPATH_SEARCH_PATHS = "@executable_path/Frameworks";
				"LD_RUNPATH_SEARCH_PATHS[sdk=macosx*]" = "@executable_path/../Frameworks";
				MACOSX_DEPLOYMENT_TARGET = 12.5;
				MARKETING_VERSION = 1.0;
				PRODUCT_BUNDLE_IDENTIFIER = com.esprit.FormulaOneAppAR2;
				PRODUCT_NAME = "$(TARGET_NAME)";
				SDKROOT = auto;
				SUPPORTED_PLATFORMS = "iphoneos iphonesimulator";
				SUPPORTS_MACCATALYST = NO;
				SUPPORTS_MAC_DESIGNED_FOR_IPHONE_IPAD = NO;
				SWIFT_EMIT_LOC_STRINGS = YES;
				SWIFT_VERSION = 5.0;
				TARGETED_DEVICE_FAMILY = "1,2";
			};
			name = Debug;
		};
		7AD5C80329E0F78D00FAE06E /* Release */ = {
			isa = XCBuildConfiguration;
			buildSettings = {
				ASSETCATALOG_COMPILER_APPICON_NAME = AppIcon;
				ASSETCATALOG_COMPILER_GLOBAL_ACCENT_COLOR_NAME = AccentColor;
				CODE_SIGN_ENTITLEMENTS = FormulaOneAppAR/FormulaOneAppAR.entitlements;
				CODE_SIGN_STYLE = Automatic;
				CURRENT_PROJECT_VERSION = 1;
				DEVELOPMENT_ASSET_PATHS = "\"FormulaOneAppAR/Preview Content\"";
				DEVELOPMENT_TEAM = JLWNNCVZ35;
				ENABLE_PREVIEWS = YES;
				GENERATE_INFOPLIST_FILE = YES;
				INFOPLIST_FILE = FormulaOneAppAR/Info.plist;
				INFOPLIST_KEY_CFBundleDisplayName = ForumlaOneAR;
				INFOPLIST_KEY_LSApplicationCategoryType = "public.app-category.news";
				INFOPLIST_KEY_NSAppleMusicUsageDescription = heelooo;
				INFOPLIST_KEY_NSCameraUsageDescription = "Neede to show the AR view";
				INFOPLIST_KEY_NSFaceIDUsageDescription = "FaceId needed to save your credentials";
				INFOPLIST_KEY_NSPhotoLibraryAddUsageDescription = hiiiii;
				INFOPLIST_KEY_NSPhotoLibraryUsageDescription = hi;
				"INFOPLIST_KEY_UIApplicationSceneManifest_Generation[sdk=iphoneos*]" = YES;
				"INFOPLIST_KEY_UIApplicationSceneManifest_Generation[sdk=iphonesimulator*]" = YES;
				"INFOPLIST_KEY_UIApplicationSupportsIndirectInputEvents[sdk=iphoneos*]" = YES;
				"INFOPLIST_KEY_UIApplicationSupportsIndirectInputEvents[sdk=iphonesimulator*]" = YES;
				"INFOPLIST_KEY_UILaunchScreen_Generation[sdk=iphoneos*]" = YES;
				"INFOPLIST_KEY_UILaunchScreen_Generation[sdk=iphonesimulator*]" = YES;
				"INFOPLIST_KEY_UIStatusBarStyle[sdk=iphoneos*]" = UIStatusBarStyleDefault;
				"INFOPLIST_KEY_UIStatusBarStyle[sdk=iphonesimulator*]" = UIStatusBarStyleDefault;
				INFOPLIST_KEY_UISupportedInterfaceOrientations_iPad = "UIInterfaceOrientationPortrait UIInterfaceOrientationPortraitUpsideDown UIInterfaceOrientationLandscapeLeft UIInterfaceOrientationLandscapeRight";
				INFOPLIST_KEY_UISupportedInterfaceOrientations_iPhone = "UIInterfaceOrientationPortrait UIInterfaceOrientationLandscapeLeft UIInterfaceOrientationLandscapeRight";
				IPHONEOS_DEPLOYMENT_TARGET = 16.1;
				LD_RUNPATH_SEARCH_PATHS = "@executable_path/Frameworks";
				"LD_RUNPATH_SEARCH_PATHS[sdk=macosx*]" = "@executable_path/../Frameworks";
				MACOSX_DEPLOYMENT_TARGET = 12.5;
				MARKETING_VERSION = 1.0;
				PRODUCT_BUNDLE_IDENTIFIER = com.esprit.FormulaOneAppAR2;
				PRODUCT_NAME = "$(TARGET_NAME)";
				SDKROOT = auto;
				SUPPORTED_PLATFORMS = "iphoneos iphonesimulator";
				SUPPORTS_MACCATALYST = NO;
				SUPPORTS_MAC_DESIGNED_FOR_IPHONE_IPAD = NO;
				SWIFT_EMIT_LOC_STRINGS = YES;
				SWIFT_VERSION = 5.0;
				TARGETED_DEVICE_FAMILY = "1,2";
			};
			name = Release;
		};
		7AD5C80529E0F78D00FAE06E /* Debug */ = {
			isa = XCBuildConfiguration;
			buildSettings = {
				ALWAYS_EMBED_SWIFT_STANDARD_LIBRARIES = YES;
				BUNDLE_LOADER = "$(TEST_HOST)";
				CODE_SIGN_STYLE = Automatic;
				CURRENT_PROJECT_VERSION = 1;
				GENERATE_INFOPLIST_FILE = YES;
				IPHONEOS_DEPLOYMENT_TARGET = 16.2;
				MACOSX_DEPLOYMENT_TARGET = 12.5;
				MARKETING_VERSION = 1.0;
				PRODUCT_BUNDLE_IDENTIFIER = com.esprit.FormulaOneAppARTests;
				PRODUCT_NAME = "$(TARGET_NAME)";
				SDKROOT = auto;
				SUPPORTED_PLATFORMS = "iphoneos iphonesimulator";
				SUPPORTS_MACCATALYST = NO;
				SUPPORTS_MAC_DESIGNED_FOR_IPHONE_IPAD = NO;
				SWIFT_EMIT_LOC_STRINGS = NO;
				SWIFT_VERSION = 5.0;
				TARGETED_DEVICE_FAMILY = "1,2";
				TEST_HOST = "$(BUILT_PRODUCTS_DIR)/FormulaOneAppAR.app/$(BUNDLE_EXECUTABLE_FOLDER_PATH)/FormulaOneAppAR";
			};
			name = Debug;
		};
		7AD5C80629E0F78D00FAE06E /* Release */ = {
			isa = XCBuildConfiguration;
			buildSettings = {
				ALWAYS_EMBED_SWIFT_STANDARD_LIBRARIES = YES;
				BUNDLE_LOADER = "$(TEST_HOST)";
				CODE_SIGN_STYLE = Automatic;
				CURRENT_PROJECT_VERSION = 1;
				GENERATE_INFOPLIST_FILE = YES;
				IPHONEOS_DEPLOYMENT_TARGET = 16.2;
				MACOSX_DEPLOYMENT_TARGET = 12.5;
				MARKETING_VERSION = 1.0;
				PRODUCT_BUNDLE_IDENTIFIER = com.esprit.FormulaOneAppARTests;
				PRODUCT_NAME = "$(TARGET_NAME)";
				SDKROOT = auto;
				SUPPORTED_PLATFORMS = "iphoneos iphonesimulator";
				SUPPORTS_MACCATALYST = NO;
				SUPPORTS_MAC_DESIGNED_FOR_IPHONE_IPAD = NO;
				SWIFT_EMIT_LOC_STRINGS = NO;
				SWIFT_VERSION = 5.0;
				TARGETED_DEVICE_FAMILY = "1,2";
				TEST_HOST = "$(BUILT_PRODUCTS_DIR)/FormulaOneAppAR.app/$(BUNDLE_EXECUTABLE_FOLDER_PATH)/FormulaOneAppAR";
			};
			name = Release;
		};
		7AD5C80829E0F78D00FAE06E /* Debug */ = {
			isa = XCBuildConfiguration;
			buildSettings = {
				ALWAYS_EMBED_SWIFT_STANDARD_LIBRARIES = YES;
				CODE_SIGN_STYLE = Automatic;
				CURRENT_PROJECT_VERSION = 1;
				GENERATE_INFOPLIST_FILE = YES;
				IPHONEOS_DEPLOYMENT_TARGET = 16.2;
				MACOSX_DEPLOYMENT_TARGET = 12.5;
				MARKETING_VERSION = 1.0;
				PRODUCT_BUNDLE_IDENTIFIER = com.esprit.FormulaOneAppARUITests;
				PRODUCT_NAME = "$(TARGET_NAME)";
				SDKROOT = auto;
				SUPPORTED_PLATFORMS = "iphoneos iphonesimulator";
				SUPPORTS_MACCATALYST = NO;
				SUPPORTS_MAC_DESIGNED_FOR_IPHONE_IPAD = NO;
				SWIFT_EMIT_LOC_STRINGS = NO;
				SWIFT_VERSION = 5.0;
				TARGETED_DEVICE_FAMILY = "1,2";
				TEST_TARGET_NAME = FormulaOneAppAR;
			};
			name = Debug;
		};
		7AD5C80929E0F78D00FAE06E /* Release */ = {
			isa = XCBuildConfiguration;
			buildSettings = {
				ALWAYS_EMBED_SWIFT_STANDARD_LIBRARIES = YES;
				CODE_SIGN_STYLE = Automatic;
				CURRENT_PROJECT_VERSION = 1;
				GENERATE_INFOPLIST_FILE = YES;
				IPHONEOS_DEPLOYMENT_TARGET = 16.2;
				MACOSX_DEPLOYMENT_TARGET = 12.5;
				MARKETING_VERSION = 1.0;
				PRODUCT_BUNDLE_IDENTIFIER = com.esprit.FormulaOneAppARUITests;
				PRODUCT_NAME = "$(TARGET_NAME)";
				SDKROOT = auto;
				SUPPORTED_PLATFORMS = "iphoneos iphonesimulator";
				SUPPORTS_MACCATALYST = NO;
				SUPPORTS_MAC_DESIGNED_FOR_IPHONE_IPAD = NO;
				SWIFT_EMIT_LOC_STRINGS = NO;
				SWIFT_VERSION = 5.0;
				TARGETED_DEVICE_FAMILY = "1,2";
				TEST_TARGET_NAME = FormulaOneAppAR;
			};
			name = Release;
		};
/* End XCBuildConfiguration section */

/* Begin XCConfigurationList section */
		7AD5C7D229E0F78A00FAE06E /* Build configuration list for PBXProject "FormulaOneAppAR" */ = {
			isa = XCConfigurationList;
			buildConfigurations = (
				7AD5C7FF29E0F78D00FAE06E /* Debug */,
				7AD5C80029E0F78D00FAE06E /* Release */,
			);
			defaultConfigurationIsVisible = 0;
			defaultConfigurationName = Release;
		};
		7AD5C80129E0F78D00FAE06E /* Build configuration list for PBXNativeTarget "FormulaOneAppAR" */ = {
			isa = XCConfigurationList;
			buildConfigurations = (
				7AD5C80229E0F78D00FAE06E /* Debug */,
				7AD5C80329E0F78D00FAE06E /* Release */,
			);
			defaultConfigurationIsVisible = 0;
			defaultConfigurationName = Release;
		};
		7AD5C80429E0F78D00FAE06E /* Build configuration list for PBXNativeTarget "FormulaOneAppARTests" */ = {
			isa = XCConfigurationList;
			buildConfigurations = (
				7AD5C80529E0F78D00FAE06E /* Debug */,
				7AD5C80629E0F78D00FAE06E /* Release */,
			);
			defaultConfigurationIsVisible = 0;
			defaultConfigurationName = Release;
		};
		7AD5C80729E0F78D00FAE06E /* Build configuration list for PBXNativeTarget "FormulaOneAppARUITests" */ = {
			isa = XCConfigurationList;
			buildConfigurations = (
				7AD5C80829E0F78D00FAE06E /* Debug */,
				7AD5C80929E0F78D00FAE06E /* Release */,
			);
			defaultConfigurationIsVisible = 0;
			defaultConfigurationName = Release;
		};
/* End XCConfigurationList section */

/* Begin XCRemoteSwiftPackageReference section */
		7A6798DB2A02FBCE00AFA00B /* XCRemoteSwiftPackageReference "SwiftUIX" */ = {
			isa = XCRemoteSwiftPackageReference;
			repositoryURL = "https://github.com/SwiftUIX/SwiftUIX";
			requirement = {
				kind = upToNextMajorVersion;
				minimumVersion = 0.1.4;
			};
		};
		7AD2B69129FD6E5000465EA2 /* XCRemoteSwiftPackageReference "SwiftKeychainWrapper" */ = {
			isa = XCRemoteSwiftPackageReference;
			repositoryURL = "https://github.com/jrendel/SwiftKeychainWrapper";
			requirement = {
				kind = upToNextMajorVersion;
				minimumVersion = 4.0.0;
			};
		};
		B0BFCEAC29EFA92B00A7C129 /* XCRemoteSwiftPackageReference "FocusEntity" */ = {
			isa = XCRemoteSwiftPackageReference;
			repositoryURL = "https://github.com/maxxfrazer/FocusEntity";
			requirement = {
				kind = upToNextMajorVersion;
				minimumVersion = 2.0.0;
			};
		};
/* End XCRemoteSwiftPackageReference section */

/* Begin XCSwiftPackageProductDependency section */
		7A6798DC2A02FBCE00AFA00B /* SwiftUIX */ = {
			isa = XCSwiftPackageProductDependency;
			package = 7A6798DB2A02FBCE00AFA00B /* XCRemoteSwiftPackageReference "SwiftUIX" */;
			productName = SwiftUIX;
		};
		7AD2B69229FD6E5000465EA2 /* SwiftKeychainWrapper */ = {
			isa = XCSwiftPackageProductDependency;
			package = 7AD2B69129FD6E5000465EA2 /* XCRemoteSwiftPackageReference "SwiftKeychainWrapper" */;
			productName = SwiftKeychainWrapper;
		};
		B0BFCEAD29EFA92B00A7C129 /* FocusEntity */ = {
			isa = XCSwiftPackageProductDependency;
			package = B0BFCEAC29EFA92B00A7C129 /* XCRemoteSwiftPackageReference "FocusEntity" */;
			productName = FocusEntity;
		};
/* End XCSwiftPackageProductDependency section */

/* Begin XCVersionGroup section */
		7AD5C7DE29E0F78B00FAE06E /* FormulaOneAppAR.xcdatamodeld */ = {
			isa = XCVersionGroup;
			children = (
				7AD5C7DF29E0F78B00FAE06E /* FormulaOneAppAR.xcdatamodel */,
			);
			currentVersion = 7AD5C7DF29E0F78B00FAE06E /* FormulaOneAppAR.xcdatamodel */;
			path = FormulaOneAppAR.xcdatamodeld;
			sourceTree = "<group>";
			versionGroupType = wrapper.xcdatamodel;
		};
/* End XCVersionGroup section */
	};
	rootObject = 7AD5C7CF29E0F78A00FAE06E /* Project object */;
}
