// !$*UTF8*$!
{
	archiveVersion = 1;
	classes = {
	};
	objectVersion = 56;
	objects = {

/* Begin PBXBuildFile section */
		7A408F7429E2C4D2009B0304 /* ErrorHandler.swift in Sources */ = {isa = PBXBuildFile; fileRef = 7A408F7329E2C4D2009B0304 /* ErrorHandler.swift */; };
		7A408F7829E2C600009B0304 /* LoginRequestBody.swift in Sources */ = {isa = PBXBuildFile; fileRef = 7A408F7729E2C600009B0304 /* LoginRequestBody.swift */; };
		7A408F7A29E2C61A009B0304 /* signupRequestBody.swift in Sources */ = {isa = PBXBuildFile; fileRef = 7A408F7929E2C61A009B0304 /* signupRequestBody.swift */; };
		7A408F7C29E2C64E009B0304 /* LoginRequest.swift in Sources */ = {isa = PBXBuildFile; fileRef = 7A408F7B29E2C64E009B0304 /* LoginRequest.swift */; };
		7A408F7E29E2C671009B0304 /* ForgotRequest.swift in Sources */ = {isa = PBXBuildFile; fileRef = 7A408F7D29E2C671009B0304 /* ForgotRequest.swift */; };
		7A408F8029E2C68D009B0304 /* EditRequest.swift in Sources */ = {isa = PBXBuildFile; fileRef = 7A408F7F29E2C68D009B0304 /* EditRequest.swift */; };
		7A408F8229E2CBC5009B0304 /* ConfirmResquest.swift in Sources */ = {isa = PBXBuildFile; fileRef = 7A408F8129E2CBC5009B0304 /* ConfirmResquest.swift */; };
		7A408F8529E2CFD6009B0304 /* Consts.swift in Sources */ = {isa = PBXBuildFile; fileRef = 7A408F8429E2CFD6009B0304 /* Consts.swift */; };
		7A408F8829E2D5B0009B0304 /* CheckBox.swift in Sources */ = {isa = PBXBuildFile; fileRef = 7A408F8729E2D5B0009B0304 /* CheckBox.swift */; };
		7A408F8A29E2D8A6009B0304 /* LoginVM.swift in Sources */ = {isa = PBXBuildFile; fileRef = 7A408F8929E2D8A6009B0304 /* LoginVM.swift */; };
		7A408F8C29E2D8B9009B0304 /* ResgisterVM.swift in Sources */ = {isa = PBXBuildFile; fileRef = 7A408F8B29E2D8B9009B0304 /* ResgisterVM.swift */; };
		7A408F8E29E2D925009B0304 /* ProfileVM.swift in Sources */ = {isa = PBXBuildFile; fileRef = 7A408F8D29E2D925009B0304 /* ProfileVM.swift */; };
		7A408F9029E2DC0E009B0304 /* SplashScreen.swift in Sources */ = {isa = PBXBuildFile; fileRef = 7A408F8F29E2DC0E009B0304 /* SplashScreen.swift */; };
		7A408F9229E34F8A009B0304 /* EditProfileVM.swift in Sources */ = {isa = PBXBuildFile; fileRef = 7A408F9129E34F8A009B0304 /* EditProfileVM.swift */; };
		7AD5C7DB29E0F78B00FAE06E /* FormulaOneAppARApp.swift in Sources */ = {isa = PBXBuildFile; fileRef = 7AD5C7DA29E0F78B00FAE06E /* FormulaOneAppARApp.swift */; };
		7AD5C7DD29E0F78B00FAE06E /* Persistence.swift in Sources */ = {isa = PBXBuildFile; fileRef = 7AD5C7DC29E0F78B00FAE06E /* Persistence.swift */; };
		7AD5C7E029E0F78B00FAE06E /* FormulaOneAppAR.xcdatamodeld in Sources */ = {isa = PBXBuildFile; fileRef = 7AD5C7DE29E0F78B00FAE06E /* FormulaOneAppAR.xcdatamodeld */; };
		7AD5C7E229E0F78B00FAE06E /* ContentView.swift in Sources */ = {isa = PBXBuildFile; fileRef = 7AD5C7E129E0F78B00FAE06E /* ContentView.swift */; };
		7AD5C7E429E0F78D00FAE06E /* Assets.xcassets in Resources */ = {isa = PBXBuildFile; fileRef = 7AD5C7E329E0F78D00FAE06E /* Assets.xcassets */; };
		7AD5C7E829E0F78D00FAE06E /* Preview Assets.xcassets in Resources */ = {isa = PBXBuildFile; fileRef = 7AD5C7E729E0F78D00FAE06E /* Preview Assets.xcassets */; };
		7AD5C7F229E0F78D00FAE06E /* FormulaOneAppARTests.swift in Sources */ = {isa = PBXBuildFile; fileRef = 7AD5C7F129E0F78D00FAE06E /* FormulaOneAppARTests.swift */; };
		7AD5C7FC29E0F78D00FAE06E /* FormulaOneAppARUITests.swift in Sources */ = {isa = PBXBuildFile; fileRef = 7AD5C7FB29E0F78D00FAE06E /* FormulaOneAppARUITests.swift */; };
		7AD5C7FE29E0F78D00FAE06E /* FormulaOneAppARUITestsLaunchTests.swift in Sources */ = {isa = PBXBuildFile; fileRef = 7AD5C7FD29E0F78D00FAE06E /* FormulaOneAppARUITestsLaunchTests.swift */; };
		7AFEC33E29E0FF45007EAA5D /* User.swift in Sources */ = {isa = PBXBuildFile; fileRef = 7AFEC33C29E0FF45007EAA5D /* User.swift */; };
		7AFEC33F29E0FF45007EAA5D /* Team.swift in Sources */ = {isa = PBXBuildFile; fileRef = 7AFEC33D29E0FF45007EAA5D /* Team.swift */; };
		7AFEC34129E0FF5E007EAA5D /* Content-ViewModel.swift in Sources */ = {isa = PBXBuildFile; fileRef = 7AFEC34029E0FF5E007EAA5D /* Content-ViewModel.swift */; };
		7AFEC35E29E10102007EAA5D /* Services.swift in Sources */ = {isa = PBXBuildFile; fileRef = 7AFEC35D29E10102007EAA5D /* Services.swift */; };
		7AFEC36329E105DC007EAA5D /* mainScreen.swift in Sources */ = {isa = PBXBuildFile; fileRef = 7AFEC36229E105DC007EAA5D /* mainScreen.swift */; };
		7AFEC36829E1066B007EAA5D /* SignInScreenView.swift in Sources */ = {isa = PBXBuildFile; fileRef = 7AFEC36729E1066B007EAA5D /* SignInScreenView.swift */; };
		7AFEC36A29E1069B007EAA5D /* Register.swift in Sources */ = {isa = PBXBuildFile; fileRef = 7AFEC36929E1069B007EAA5D /* Register.swift */; };
		7AFEC36F29E10722007EAA5D /* WelcomeScreenView.swift in Sources */ = {isa = PBXBuildFile; fileRef = 7AFEC36E29E10722007EAA5D /* WelcomeScreenView.swift */; };
		7AFEC37129E10858007EAA5D /* customViews.swift in Sources */ = {isa = PBXBuildFile; fileRef = 7AFEC37029E10858007EAA5D /* customViews.swift */; };
		7AFEC37429E10A15007EAA5D /* ChangePassword.swift in Sources */ = {isa = PBXBuildFile; fileRef = 7AFEC37329E10A15007EAA5D /* ChangePassword.swift */; };
		7AFEC37629E10A6E007EAA5D /* EditProfil.swift in Sources */ = {isa = PBXBuildFile; fileRef = 7AFEC37529E10A6E007EAA5D /* EditProfil.swift */; };
		7AFEC37829E10B10007EAA5D /* Profile.swift in Sources */ = {isa = PBXBuildFile; fileRef = 7AFEC37729E10B10007EAA5D /* Profile.swift */; };
		7AFEC37A29E10BCF007EAA5D /* ForgetView.swift in Sources */ = {isa = PBXBuildFile; fileRef = 7AFEC37929E10BCF007EAA5D /* ForgetView.swift */; };
		7AFEC37C29E10C17007EAA5D /* Register.swift in Sources */ = {isa = PBXBuildFile; fileRef = 7AFEC37B29E10C17007EAA5D /* Register.swift */; };
		7AFEC37E29E10C63007EAA5D /* FullScreenNavigationView.swift in Sources */ = {isa = PBXBuildFile; fileRef = 7AFEC37D29E10C63007EAA5D /* FullScreenNavigationView.swift */; };
		7AFEC38029E10C8D007EAA5D /* FullScreenNavigationViewType.swift in Sources */ = {isa = PBXBuildFile; fileRef = 7AFEC37F29E10C8D007EAA5D /* FullScreenNavigationViewType.swift */; };
		7AFEC38329E10DAB007EAA5D /* AppEventsManager.swift in Sources */ = {isa = PBXBuildFile; fileRef = 7AFEC38229E10DAB007EAA5D /* AppEventsManager.swift */; };
		7AFEC38529E10DF9007EAA5D /* SetReactiveMethods.swift in Sources */ = {isa = PBXBuildFile; fileRef = 7AFEC38429E10DF9007EAA5D /* SetReactiveMethods.swift */; };
/* End PBXBuildFile section */

/* Begin PBXContainerItemProxy section */
		7AD5C7EE29E0F78D00FAE06E /* PBXContainerItemProxy */ = {
			isa = PBXContainerItemProxy;
			containerPortal = 7AD5C7CF29E0F78A00FAE06E /* Project object */;
			proxyType = 1;
			remoteGlobalIDString = 7AD5C7D629E0F78B00FAE06E;
			remoteInfo = FormulaOneAppAR;
		};
		7AD5C7F829E0F78D00FAE06E /* PBXContainerItemProxy */ = {
			isa = PBXContainerItemProxy;
			containerPortal = 7AD5C7CF29E0F78A00FAE06E /* Project object */;
			proxyType = 1;
			remoteGlobalIDString = 7AD5C7D629E0F78B00FAE06E;
			remoteInfo = FormulaOneAppAR;
		};
/* End PBXContainerItemProxy section */

/* Begin PBXFileReference section */
		7A408F7329E2C4D2009B0304 /* ErrorHandler.swift */ = {isa = PBXFileReference; lastKnownFileType = sourcecode.swift; path = ErrorHandler.swift; sourceTree = "<group>"; };
		7A408F7729E2C600009B0304 /* LoginRequestBody.swift */ = {isa = PBXFileReference; lastKnownFileType = sourcecode.swift; path = LoginRequestBody.swift; sourceTree = "<group>"; };
		7A408F7929E2C61A009B0304 /* signupRequestBody.swift */ = {isa = PBXFileReference; lastKnownFileType = sourcecode.swift; path = signupRequestBody.swift; sourceTree = "<group>"; };
		7A408F7B29E2C64E009B0304 /* LoginRequest.swift */ = {isa = PBXFileReference; lastKnownFileType = sourcecode.swift; path = LoginRequest.swift; sourceTree = "<group>"; };
		7A408F7D29E2C671009B0304 /* ForgotRequest.swift */ = {isa = PBXFileReference; lastKnownFileType = sourcecode.swift; path = ForgotRequest.swift; sourceTree = "<group>"; };
		7A408F7F29E2C68D009B0304 /* EditRequest.swift */ = {isa = PBXFileReference; lastKnownFileType = sourcecode.swift; path = EditRequest.swift; sourceTree = "<group>"; };
		7A408F8129E2CBC5009B0304 /* ConfirmResquest.swift */ = {isa = PBXFileReference; lastKnownFileType = sourcecode.swift; path = ConfirmResquest.swift; sourceTree = "<group>"; };
		7A408F8429E2CFD6009B0304 /* Consts.swift */ = {isa = PBXFileReference; lastKnownFileType = sourcecode.swift; path = Consts.swift; sourceTree = "<group>"; };
		7A408F8729E2D5B0009B0304 /* CheckBox.swift */ = {isa = PBXFileReference; lastKnownFileType = sourcecode.swift; path = CheckBox.swift; sourceTree = "<group>"; };
		7A408F8929E2D8A6009B0304 /* LoginVM.swift */ = {isa = PBXFileReference; lastKnownFileType = sourcecode.swift; path = LoginVM.swift; sourceTree = "<group>"; };
		7A408F8B29E2D8B9009B0304 /* ResgisterVM.swift */ = {isa = PBXFileReference; lastKnownFileType = sourcecode.swift; path = ResgisterVM.swift; sourceTree = "<group>"; };
		7A408F8D29E2D925009B0304 /* ProfileVM.swift */ = {isa = PBXFileReference; lastKnownFileType = sourcecode.swift; path = ProfileVM.swift; sourceTree = "<group>"; };
		7A408F8F29E2DC0E009B0304 /* SplashScreen.swift */ = {isa = PBXFileReference; lastKnownFileType = sourcecode.swift; path = SplashScreen.swift; sourceTree = "<group>"; };
		7A408F9129E34F8A009B0304 /* EditProfileVM.swift */ = {isa = PBXFileReference; lastKnownFileType = sourcecode.swift; path = EditProfileVM.swift; sourceTree = "<group>"; };
		7AD5C7D729E0F78B00FAE06E /* FormulaOneAppAR.app */ = {isa = PBXFileReference; explicitFileType = wrapper.application; includeInIndex = 0; path = FormulaOneAppAR.app; sourceTree = BUILT_PRODUCTS_DIR; };
		7AD5C7DA29E0F78B00FAE06E /* FormulaOneAppARApp.swift */ = {isa = PBXFileReference; lastKnownFileType = sourcecode.swift; path = FormulaOneAppARApp.swift; sourceTree = "<group>"; };
		7AD5C7DC29E0F78B00FAE06E /* Persistence.swift */ = {isa = PBXFileReference; lastKnownFileType = sourcecode.swift; path = Persistence.swift; sourceTree = "<group>"; };
		7AD5C7DF29E0F78B00FAE06E /* FormulaOneAppAR.xcdatamodel */ = {isa = PBXFileReference; lastKnownFileType = wrapper.xcdatamodel; path = FormulaOneAppAR.xcdatamodel; sourceTree = "<group>"; };
		7AD5C7E129E0F78B00FAE06E /* ContentView.swift */ = {isa = PBXFileReference; lastKnownFileType = sourcecode.swift; path = ContentView.swift; sourceTree = "<group>"; };
		7AD5C7E329E0F78D00FAE06E /* Assets.xcassets */ = {isa = PBXFileReference; lastKnownFileType = folder.assetcatalog; path = Assets.xcassets; sourceTree = "<group>"; };
		7AD5C7E529E0F78D00FAE06E /* FormulaOneAppAR.entitlements */ = {isa = PBXFileReference; lastKnownFileType = text.plist.entitlements; path = FormulaOneAppAR.entitlements; sourceTree = "<group>"; };
		7AD5C7E729E0F78D00FAE06E /* Preview Assets.xcassets */ = {isa = PBXFileReference; lastKnownFileType = folder.assetcatalog; path = "Preview Assets.xcassets"; sourceTree = "<group>"; };
		7AD5C7ED29E0F78D00FAE06E /* FormulaOneAppARTests.xctest */ = {isa = PBXFileReference; explicitFileType = wrapper.cfbundle; includeInIndex = 0; path = FormulaOneAppARTests.xctest; sourceTree = BUILT_PRODUCTS_DIR; };
		7AD5C7F129E0F78D00FAE06E /* FormulaOneAppARTests.swift */ = {isa = PBXFileReference; lastKnownFileType = sourcecode.swift; path = FormulaOneAppARTests.swift; sourceTree = "<group>"; };
		7AD5C7F729E0F78D00FAE06E /* FormulaOneAppARUITests.xctest */ = {isa = PBXFileReference; explicitFileType = wrapper.cfbundle; includeInIndex = 0; path = FormulaOneAppARUITests.xctest; sourceTree = BUILT_PRODUCTS_DIR; };
		7AD5C7FB29E0F78D00FAE06E /* FormulaOneAppARUITests.swift */ = {isa = PBXFileReference; lastKnownFileType = sourcecode.swift; path = FormulaOneAppARUITests.swift; sourceTree = "<group>"; };
		7AD5C7FD29E0F78D00FAE06E /* FormulaOneAppARUITestsLaunchTests.swift */ = {isa = PBXFileReference; lastKnownFileType = sourcecode.swift; path = FormulaOneAppARUITestsLaunchTests.swift; sourceTree = "<group>"; };
		7AFEC33C29E0FF45007EAA5D /* User.swift */ = {isa = PBXFileReference; fileEncoding = 4; lastKnownFileType = sourcecode.swift; path = User.swift; sourceTree = "<group>"; };
		7AFEC33D29E0FF45007EAA5D /* Team.swift */ = {isa = PBXFileReference; fileEncoding = 4; lastKnownFileType = sourcecode.swift; path = Team.swift; sourceTree = "<group>"; };
		7AFEC34029E0FF5E007EAA5D /* Content-ViewModel.swift */ = {isa = PBXFileReference; fileEncoding = 4; lastKnownFileType = sourcecode.swift; path = "Content-ViewModel.swift"; sourceTree = "<group>"; };
		7AFEC35D29E10102007EAA5D /* Services.swift */ = {isa = PBXFileReference; fileEncoding = 4; lastKnownFileType = sourcecode.swift; path = Services.swift; sourceTree = "<group>"; };
		7AFEC36229E105DC007EAA5D /* mainScreen.swift */ = {isa = PBXFileReference; lastKnownFileType = sourcecode.swift; name = mainScreen.swift; path = FormulaOneAppAR/View/mainScreen.swift; sourceTree = SOURCE_ROOT; };
		7AFEC36729E1066B007EAA5D /* SignInScreenView.swift */ = {isa = PBXFileReference; lastKnownFileType = sourcecode.swift; path = SignInScreenView.swift; sourceTree = "<group>"; };
		7AFEC36929E1069B007EAA5D /* Register.swift */ = {isa = PBXFileReference; lastKnownFileType = sourcecode.swift; name = Register.swift; path = FormulaOneAppAR/View/Register.swift; sourceTree = SOURCE_ROOT; };
		7AFEC36E29E10722007EAA5D /* WelcomeScreenView.swift */ = {isa = PBXFileReference; lastKnownFileType = sourcecode.swift; name = WelcomeScreenView.swift; path = FormulaOneAppAR/View/WelcomeScreenView.swift; sourceTree = SOURCE_ROOT; };
		7AFEC37029E10858007EAA5D /* customViews.swift */ = {isa = PBXFileReference; lastKnownFileType = sourcecode.swift; path = customViews.swift; sourceTree = "<group>"; };
		7AFEC37329E10A15007EAA5D /* ChangePassword.swift */ = {isa = PBXFileReference; lastKnownFileType = sourcecode.swift; path = ChangePassword.swift; sourceTree = "<group>"; };
		7AFEC37529E10A6E007EAA5D /* EditProfil.swift */ = {isa = PBXFileReference; lastKnownFileType = sourcecode.swift; path = EditProfil.swift; sourceTree = "<group>"; };
		7AFEC37729E10B10007EAA5D /* Profile.swift */ = {isa = PBXFileReference; lastKnownFileType = sourcecode.swift; path = Profile.swift; sourceTree = "<group>"; };
		7AFEC37929E10BCF007EAA5D /* ForgetView.swift */ = {isa = PBXFileReference; lastKnownFileType = sourcecode.swift; path = ForgetView.swift; sourceTree = "<group>"; };
		7AFEC37B29E10C17007EAA5D /* Register.swift */ = {isa = PBXFileReference; lastKnownFileType = sourcecode.swift; path = Register.swift; sourceTree = "<group>"; };
		7AFEC37D29E10C63007EAA5D /* FullScreenNavigationView.swift */ = {isa = PBXFileReference; lastKnownFileType = sourcecode.swift; path = FullScreenNavigationView.swift; sourceTree = "<group>"; };
		7AFEC37F29E10C8D007EAA5D /* FullScreenNavigationViewType.swift */ = {isa = PBXFileReference; lastKnownFileType = sourcecode.swift; path = FullScreenNavigationViewType.swift; sourceTree = "<group>"; };
		7AFEC38229E10DAB007EAA5D /* AppEventsManager.swift */ = {isa = PBXFileReference; lastKnownFileType = sourcecode.swift; path = AppEventsManager.swift; sourceTree = "<group>"; };
		7AFEC38429E10DF9007EAA5D /* SetReactiveMethods.swift */ = {isa = PBXFileReference; lastKnownFileType = sourcecode.swift; path = SetReactiveMethods.swift; sourceTree = "<group>"; };
/* End PBXFileReference section */

/* Begin PBXFrameworksBuildPhase section */
		7AD5C7D429E0F78B00FAE06E /* Frameworks */ = {
			isa = PBXFrameworksBuildPhase;
			buildActionMask = 2147483647;
			files = (
			);
			runOnlyForDeploymentPostprocessing = 0;
		};
		7AD5C7EA29E0F78D00FAE06E /* Frameworks */ = {
			isa = PBXFrameworksBuildPhase;
			buildActionMask = 2147483647;
			files = (
			);
			runOnlyForDeploymentPostprocessing = 0;
		};
		7AD5C7F429E0F78D00FAE06E /* Frameworks */ = {
			isa = PBXFrameworksBuildPhase;
			buildActionMask = 2147483647;
			files = (
			);
			runOnlyForDeploymentPostprocessing = 0;
		};
/* End PBXFrameworksBuildPhase section */

/* Begin PBXGroup section */
		7A408F7229E2C4A1009B0304 /* ErrorHandler */ = {
			isa = PBXGroup;
			children = (
				7A408F7329E2C4D2009B0304 /* ErrorHandler.swift */,
			);
			path = ErrorHandler;
			sourceTree = "<group>";
		};
		7A408F7529E2C593009B0304 /* ResquestHandler */ = {
			isa = PBXGroup;
			children = (
				7A408F7B29E2C64E009B0304 /* LoginRequest.swift */,
				7A408F7D29E2C671009B0304 /* ForgotRequest.swift */,
				7A408F7F29E2C68D009B0304 /* EditRequest.swift */,
				7A408F8129E2CBC5009B0304 /* ConfirmResquest.swift */,
				7A408F7729E2C600009B0304 /* LoginRequestBody.swift */,
				7A408F7929E2C61A009B0304 /* signupRequestBody.swift */,
			);
			path = ResquestHandler;
			sourceTree = "<group>";
		};
		7A408F7629E2C5A4009B0304 /* ResponseHandler */ = {
			isa = PBXGroup;
			children = (
			);
			path = ResponseHandler;
			sourceTree = "<group>";
		};
		7A408F8329E2CFBB009B0304 /* Consts */ = {
			isa = PBXGroup;
			children = (
				7A408F8429E2CFD6009B0304 /* Consts.swift */,
			);
			path = Consts;
			sourceTree = "<group>";
		};
		7A408F8629E2D576009B0304 /* Components */ = {
			isa = PBXGroup;
			children = (
				7A408F8729E2D5B0009B0304 /* CheckBox.swift */,
				7AFEC37029E10858007EAA5D /* customViews.swift */,
			);
			path = Components;
			sourceTree = "<group>";
		};
		7ACD0E9829E0FAAC00C67816 /* Services */ = {
			isa = PBXGroup;
			children = (
				7AFEC35D29E10102007EAA5D /* Services.swift */,
			);
			path = Services;
			sourceTree = "<group>";
		};
		7ACD0E9929E0FABF00C67816 /* Ulilities */ = {
			isa = PBXGroup;
			children = (
				7A408F8329E2CFBB009B0304 /* Consts */,
				7A408F7229E2C4A1009B0304 /* ErrorHandler */,
				7AFEC38129E10D5E007EAA5D /* ReactiveFlow */,
			);
			path = Ulilities;
			sourceTree = "<group>";
		};
		7ACD0E9A29E0FADB00C67816 /* Model */ = {
			isa = PBXGroup;
			children = (
				7A408F7629E2C5A4009B0304 /* ResponseHandler */,
				7A408F7529E2C593009B0304 /* ResquestHandler */,
				7ACD0E9829E0FAAC00C67816 /* Services */,
				7AFEC33D29E0FF45007EAA5D /* Team.swift */,
				7AFEC33C29E0FF45007EAA5D /* User.swift */,
			);
			path = Model;
			sourceTree = "<group>";
		};
		7ACD0E9B29E0FAF800C67816 /* ViewModel */ = {
			isa = PBXGroup;
			children = (
				7AFEC34029E0FF5E007EAA5D /* Content-ViewModel.swift */,
				7A408F8929E2D8A6009B0304 /* LoginVM.swift */,
				7A408F8B29E2D8B9009B0304 /* ResgisterVM.swift */,
				7A408F8D29E2D925009B0304 /* ProfileVM.swift */,
				7A408F9129E34F8A009B0304 /* EditProfileVM.swift */,
			);
			path = ViewModel;
			sourceTree = "<group>";
		};
		7ACD0E9C29E0FB1700C67816 /* View */ = {
			isa = PBXGroup;
			children = (
				7AFEC36B29E106B2007EAA5D /* WelcomeScreen */,
				7AFEC36429E105FD007EAA5D /* Profile */,
				7AFEC35F29E10529007EAA5D /* mainScreen */,
				7AFEC36729E1066B007EAA5D /* SignInScreenView.swift */,
				7AFEC37929E10BCF007EAA5D /* ForgetView.swift */,
				7AFEC37B29E10C17007EAA5D /* Register.swift */,
				7AFEC37D29E10C63007EAA5D /* FullScreenNavigationView.swift */,
				7AFEC37F29E10C8D007EAA5D /* FullScreenNavigationViewType.swift */,
				7A408F8F29E2DC0E009B0304 /* SplashScreen.swift */,
			);
			path = View;
			sourceTree = "<group>";
		};
		7AD5C7CE29E0F78A00FAE06E = {
			isa = PBXGroup;
			children = (
				7AD5C7D929E0F78B00FAE06E /* FormulaOneAppAR */,
				7AD5C7F029E0F78D00FAE06E /* FormulaOneAppARTests */,
				7AD5C7FA29E0F78D00FAE06E /* FormulaOneAppARUITests */,
				7AD5C7D829E0F78B00FAE06E /* Products */,
			);
			sourceTree = "<group>";
		};
		7AD5C7D829E0F78B00FAE06E /* Products */ = {
			isa = PBXGroup;
			children = (
				7AD5C7D729E0F78B00FAE06E /* FormulaOneAppAR.app */,
				7AD5C7ED29E0F78D00FAE06E /* FormulaOneAppARTests.xctest */,
				7AD5C7F729E0F78D00FAE06E /* FormulaOneAppARUITests.xctest */,
			);
			name = Products;
			sourceTree = "<group>";
		};
		7AD5C7D929E0F78B00FAE06E /* FormulaOneAppAR */ = {
			isa = PBXGroup;
			children = (
				7A408F8629E2D576009B0304 /* Components */,
				7ACD0E9C29E0FB1700C67816 /* View */,
				7ACD0E9B29E0FAF800C67816 /* ViewModel */,
				7ACD0E9A29E0FADB00C67816 /* Model */,
				7ACD0E9929E0FABF00C67816 /* Ulilities */,
				7AD5C7DA29E0F78B00FAE06E /* FormulaOneAppARApp.swift */,
				7AD5C7DC29E0F78B00FAE06E /* Persistence.swift */,
				7AD5C7E129E0F78B00FAE06E /* ContentView.swift */,
				7AD5C7E329E0F78D00FAE06E /* Assets.xcassets */,
				7AD5C7E529E0F78D00FAE06E /* FormulaOneAppAR.entitlements */,
				7AD5C7DE29E0F78B00FAE06E /* FormulaOneAppAR.xcdatamodeld */,
				7AD5C7E629E0F78D00FAE06E /* Preview Content */,
			);
			path = FormulaOneAppAR;
			sourceTree = "<group>";
		};
		7AD5C7E629E0F78D00FAE06E /* Preview Content */ = {
			isa = PBXGroup;
			children = (
				7AD5C7E729E0F78D00FAE06E /* Preview Assets.xcassets */,
			);
			path = "Preview Content";
			sourceTree = "<group>";
		};
		7AD5C7F029E0F78D00FAE06E /* FormulaOneAppARTests */ = {
			isa = PBXGroup;
			children = (
				7AD5C7F129E0F78D00FAE06E /* FormulaOneAppARTests.swift */,
			);
			path = FormulaOneAppARTests;
			sourceTree = "<group>";
		};
		7AD5C7FA29E0F78D00FAE06E /* FormulaOneAppARUITests */ = {
			isa = PBXGroup;
			children = (
				7AD5C7FB29E0F78D00FAE06E /* FormulaOneAppARUITests.swift */,
				7AD5C7FD29E0F78D00FAE06E /* FormulaOneAppARUITestsLaunchTests.swift */,
			);
			path = FormulaOneAppARUITests;
			sourceTree = "<group>";
		};
		7AFEC35F29E10529007EAA5D /* mainScreen */ = {
			isa = PBXGroup;
			children = (
				7AFEC36229E105DC007EAA5D /* mainScreen.swift */,
			);
			path = mainScreen;
			sourceTree = "<group>";
		};
		7AFEC36429E105FD007EAA5D /* Profile */ = {
			isa = PBXGroup;
			children = (
				7AFEC37229E109E0007EAA5D /* Subview */,
				7AFEC36929E1069B007EAA5D /* Register.swift */,
				7AFEC37729E10B10007EAA5D /* Profile.swift */,
			);
			path = Profile;
			sourceTree = "<group>";
		};
		7AFEC36B29E106B2007EAA5D /* WelcomeScreen */ = {
			isa = PBXGroup;
			children = (
				7AFEC36E29E10722007EAA5D /* WelcomeScreenView.swift */,
			);
			path = WelcomeScreen;
			sourceTree = "<group>";
		};
		7AFEC37229E109E0007EAA5D /* Subview */ = {
			isa = PBXGroup;
			children = (
				7AFEC37329E10A15007EAA5D /* ChangePassword.swift */,
				7AFEC37529E10A6E007EAA5D /* EditProfil.swift */,
			);
			path = Subview;
			sourceTree = "<group>";
		};
		7AFEC38129E10D5E007EAA5D /* ReactiveFlow */ = {
			isa = PBXGroup;
			children = (
				7AFEC38229E10DAB007EAA5D /* AppEventsManager.swift */,
				7AFEC38429E10DF9007EAA5D /* SetReactiveMethods.swift */,
			);
			path = ReactiveFlow;
			sourceTree = "<group>";
		};
/* End PBXGroup section */

/* Begin PBXNativeTarget section */
		7AD5C7D629E0F78B00FAE06E /* FormulaOneAppAR */ = {
			isa = PBXNativeTarget;
			buildConfigurationList = 7AD5C80129E0F78D00FAE06E /* Build configuration list for PBXNativeTarget "FormulaOneAppAR" */;
			buildPhases = (
				7AD5C7D329E0F78B00FAE06E /* Sources */,
				7AD5C7D429E0F78B00FAE06E /* Frameworks */,
				7AD5C7D529E0F78B00FAE06E /* Resources */,
			);
			buildRules = (
			);
			dependencies = (
			);
			name = FormulaOneAppAR;
			productName = FormulaOneAppAR;
			productReference = 7AD5C7D729E0F78B00FAE06E /* FormulaOneAppAR.app */;
			productType = "com.apple.product-type.application";
		};
		7AD5C7EC29E0F78D00FAE06E /* FormulaOneAppARTests */ = {
			isa = PBXNativeTarget;
			buildConfigurationList = 7AD5C80429E0F78D00FAE06E /* Build configuration list for PBXNativeTarget "FormulaOneAppARTests" */;
			buildPhases = (
				7AD5C7E929E0F78D00FAE06E /* Sources */,
				7AD5C7EA29E0F78D00FAE06E /* Frameworks */,
				7AD5C7EB29E0F78D00FAE06E /* Resources */,
			);
			buildRules = (
			);
			dependencies = (
				7AD5C7EF29E0F78D00FAE06E /* PBXTargetDependency */,
			);
			name = FormulaOneAppARTests;
			productName = FormulaOneAppARTests;
			productReference = 7AD5C7ED29E0F78D00FAE06E /* FormulaOneAppARTests.xctest */;
			productType = "com.apple.product-type.bundle.unit-test";
		};
		7AD5C7F629E0F78D00FAE06E /* FormulaOneAppARUITests */ = {
			isa = PBXNativeTarget;
			buildConfigurationList = 7AD5C80729E0F78D00FAE06E /* Build configuration list for PBXNativeTarget "FormulaOneAppARUITests" */;
			buildPhases = (
				7AD5C7F329E0F78D00FAE06E /* Sources */,
				7AD5C7F429E0F78D00FAE06E /* Frameworks */,
				7AD5C7F529E0F78D00FAE06E /* Resources */,
			);
			buildRules = (
			);
			dependencies = (
				7AD5C7F929E0F78D00FAE06E /* PBXTargetDependency */,
			);
			name = FormulaOneAppARUITests;
			productName = FormulaOneAppARUITests;
			productReference = 7AD5C7F729E0F78D00FAE06E /* FormulaOneAppARUITests.xctest */;
			productType = "com.apple.product-type.bundle.ui-testing";
		};
/* End PBXNativeTarget section */

/* Begin PBXProject section */
		7AD5C7CF29E0F78A00FAE06E /* Project object */ = {
			isa = PBXProject;
			attributes = {
				BuildIndependentTargetsInParallel = 1;
				LastSwiftUpdateCheck = 1420;
				LastUpgradeCheck = 1420;
				TargetAttributes = {
					7AD5C7D629E0F78B00FAE06E = {
						CreatedOnToolsVersion = 14.2;
					};
					7AD5C7EC29E0F78D00FAE06E = {
						CreatedOnToolsVersion = 14.2;
						TestTargetID = 7AD5C7D629E0F78B00FAE06E;
					};
					7AD5C7F629E0F78D00FAE06E = {
						CreatedOnToolsVersion = 14.2;
						TestTargetID = 7AD5C7D629E0F78B00FAE06E;
					};
				};
			};
			buildConfigurationList = 7AD5C7D229E0F78A00FAE06E /* Build configuration list for PBXProject "FormulaOneAppAR" */;
			compatibilityVersion = "Xcode 14.0";
			developmentRegion = en;
			hasScannedForEncodings = 0;
			knownRegions = (
				en,
				Base,
			);
			mainGroup = 7AD5C7CE29E0F78A00FAE06E;
			productRefGroup = 7AD5C7D829E0F78B00FAE06E /* Products */;
			projectDirPath = "";
			projectRoot = "";
			targets = (
				7AD5C7D629E0F78B00FAE06E /* FormulaOneAppAR */,
				7AD5C7EC29E0F78D00FAE06E /* FormulaOneAppARTests */,
				7AD5C7F629E0F78D00FAE06E /* FormulaOneAppARUITests */,
			);
		};
/* End PBXProject section */

/* Begin PBXResourcesBuildPhase section */
		7AD5C7D529E0F78B00FAE06E /* Resources */ = {
			isa = PBXResourcesBuildPhase;
			buildActionMask = 2147483647;
			files = (
				7AD5C7E829E0F78D00FAE06E /* Preview Assets.xcassets in Resources */,
				7AD5C7E429E0F78D00FAE06E /* Assets.xcassets in Resources */,
			);
			runOnlyForDeploymentPostprocessing = 0;
		};
		7AD5C7EB29E0F78D00FAE06E /* Resources */ = {
			isa = PBXResourcesBuildPhase;
			buildActionMask = 2147483647;
			files = (
			);
			runOnlyForDeploymentPostprocessing = 0;
		};
		7AD5C7F529E0F78D00FAE06E /* Resources */ = {
			isa = PBXResourcesBuildPhase;
			buildActionMask = 2147483647;
			files = (
			);
			runOnlyForDeploymentPostprocessing = 0;
		};
/* End PBXResourcesBuildPhase section */

/* Begin PBXSourcesBuildPhase section */
		7AD5C7D329E0F78B00FAE06E /* Sources */ = {
			isa = PBXSourcesBuildPhase;
			buildActionMask = 2147483647;
			files = (
				7A408F9229E34F8A009B0304 /* EditProfileVM.swift in Sources */,
				7AFEC33F29E0FF45007EAA5D /* Team.swift in Sources */,
				7A408F8529E2CFD6009B0304 /* Consts.swift in Sources */,
				7A408F7E29E2C671009B0304 /* ForgotRequest.swift in Sources */,
				7A408F7829E2C600009B0304 /* LoginRequestBody.swift in Sources */,
				7A408F8A29E2D8A6009B0304 /* LoginVM.swift in Sources */,
				7AFEC36A29E1069B007EAA5D /* Register.swift in Sources */,
				7AFEC37E29E10C63007EAA5D /* FullScreenNavigationView.swift in Sources */,
				7AD5C7E029E0F78B00FAE06E /* FormulaOneAppAR.xcdatamodeld in Sources */,
				7AFEC37A29E10BCF007EAA5D /* ForgetView.swift in Sources */,
				7A408F7C29E2C64E009B0304 /* LoginRequest.swift in Sources */,
				7AFEC38029E10C8D007EAA5D /* FullScreenNavigationViewType.swift in Sources */,
				7A408F8C29E2D8B9009B0304 /* ResgisterVM.swift in Sources */,
				7AFEC36829E1066B007EAA5D /* SignInScreenView.swift in Sources */,
				7AFEC36329E105DC007EAA5D /* mainScreen.swift in Sources */,
				7AD5C7DB29E0F78B00FAE06E /* FormulaOneAppARApp.swift in Sources */,
				7AFEC37429E10A15007EAA5D /* ChangePassword.swift in Sources */,
				7A408F8E29E2D925009B0304 /* ProfileVM.swift in Sources */,
				7A408F7429E2C4D2009B0304 /* ErrorHandler.swift in Sources */,
				7A408F8229E2CBC5009B0304 /* ConfirmResquest.swift in Sources */,
				7A408F8029E2C68D009B0304 /* EditRequest.swift in Sources */,
				7AFEC37129E10858007EAA5D /* customViews.swift in Sources */,
				7AFEC37629E10A6E007EAA5D /* EditProfil.swift in Sources */,
				7AFEC37829E10B10007EAA5D /* Profile.swift in Sources */,
				7AFEC36F29E10722007EAA5D /* WelcomeScreenView.swift in Sources */,
				7AFEC38529E10DF9007EAA5D /* SetReactiveMethods.swift in Sources */,
				7A408F7A29E2C61A009B0304 /* signupRequestBody.swift in Sources */,
				7AFEC37C29E10C17007EAA5D /* Register.swift in Sources */,
				7A408F8829E2D5B0009B0304 /* CheckBox.swift in Sources */,
				7AFEC34129E0FF5E007EAA5D /* Content-ViewModel.swift in Sources */,
				7AD5C7E229E0F78B00FAE06E /* ContentView.swift in Sources */,
				7A408F9029E2DC0E009B0304 /* SplashScreen.swift in Sources */,
				7AFEC33E29E0FF45007EAA5D /* User.swift in Sources */,
				7AFEC38329E10DAB007EAA5D /* AppEventsManager.swift in Sources */,
				7AFEC35E29E10102007EAA5D /* Services.swift in Sources */,
				7AD5C7DD29E0F78B00FAE06E /* Persistence.swift in Sources */,
			);
			runOnlyForDeploymentPostprocessing = 0;
		};
		7AD5C7E929E0F78D00FAE06E /* Sources */ = {
			isa = PBXSourcesBuildPhase;
			buildActionMask = 2147483647;
			files = (
				7AD5C7F229E0F78D00FAE06E /* FormulaOneAppARTests.swift in Sources */,
			);
			runOnlyForDeploymentPostprocessing = 0;
		};
		7AD5C7F329E0F78D00FAE06E /* Sources */ = {
			isa = PBXSourcesBuildPhase;
			buildActionMask = 2147483647;
			files = (
				7AD5C7FC29E0F78D00FAE06E /* FormulaOneAppARUITests.swift in Sources */,
				7AD5C7FE29E0F78D00FAE06E /* FormulaOneAppARUITestsLaunchTests.swift in Sources */,
			);
			runOnlyForDeploymentPostprocessing = 0;
		};
/* End PBXSourcesBuildPhase section */

/* Begin PBXTargetDependency section */
		7AD5C7EF29E0F78D00FAE06E /* PBXTargetDependency */ = {
			isa = PBXTargetDependency;
			target = 7AD5C7D629E0F78B00FAE06E /* FormulaOneAppAR */;
			targetProxy = 7AD5C7EE29E0F78D00FAE06E /* PBXContainerItemProxy */;
		};
		7AD5C7F929E0F78D00FAE06E /* PBXTargetDependency */ = {
			isa = PBXTargetDependency;
			target = 7AD5C7D629E0F78B00FAE06E /* FormulaOneAppAR */;
			targetProxy = 7AD5C7F829E0F78D00FAE06E /* PBXContainerItemProxy */;
		};
/* End PBXTargetDependency section */

/* Begin XCBuildConfiguration section */
		7AD5C7FF29E0F78D00FAE06E /* Debug */ = {
			isa = XCBuildConfiguration;
			buildSettings = {
				ALWAYS_SEARCH_USER_PATHS = NO;
				CLANG_ANALYZER_NONNULL = YES;
				CLANG_ANALYZER_NUMBER_OBJECT_CONVERSION = YES_AGGRESSIVE;
				CLANG_CXX_LANGUAGE_STANDARD = "gnu++20";
				CLANG_ENABLE_MODULES = YES;
				CLANG_ENABLE_OBJC_ARC = YES;
				CLANG_ENABLE_OBJC_WEAK = YES;
				CLANG_WARN_BLOCK_CAPTURE_AUTORELEASING = YES;
				CLANG_WARN_BOOL_CONVERSION = YES;
				CLANG_WARN_COMMA = YES;
				CLANG_WARN_CONSTANT_CONVERSION = YES;
				CLANG_WARN_DEPRECATED_OBJC_IMPLEMENTATIONS = YES;
				CLANG_WARN_DIRECT_OBJC_ISA_USAGE = YES_ERROR;
				CLANG_WARN_DOCUMENTATION_COMMENTS = YES;
				CLANG_WARN_EMPTY_BODY = YES;
				CLANG_WARN_ENUM_CONVERSION = YES;
				CLANG_WARN_INFINITE_RECURSION = YES;
				CLANG_WARN_INT_CONVERSION = YES;
				CLANG_WARN_NON_LITERAL_NULL_CONVERSION = YES;
				CLANG_WARN_OBJC_IMPLICIT_RETAIN_SELF = YES;
				CLANG_WARN_OBJC_LITERAL_CONVERSION = YES;
				CLANG_WARN_OBJC_ROOT_CLASS = YES_ERROR;
				CLANG_WARN_QUOTED_INCLUDE_IN_FRAMEWORK_HEADER = YES;
				CLANG_WARN_RANGE_LOOP_ANALYSIS = YES;
				CLANG_WARN_STRICT_PROTOTYPES = YES;
				CLANG_WARN_SUSPICIOUS_MOVE = YES;
				CLANG_WARN_UNGUARDED_AVAILABILITY = YES_AGGRESSIVE;
				CLANG_WARN_UNREACHABLE_CODE = YES;
				CLANG_WARN__DUPLICATE_METHOD_MATCH = YES;
				COPY_PHASE_STRIP = NO;
				DEBUG_INFORMATION_FORMAT = dwarf;
				ENABLE_STRICT_OBJC_MSGSEND = YES;
				ENABLE_TESTABILITY = YES;
				GCC_C_LANGUAGE_STANDARD = gnu11;
				GCC_DYNAMIC_NO_PIC = NO;
				GCC_NO_COMMON_BLOCKS = YES;
				GCC_OPTIMIZATION_LEVEL = 0;
				GCC_PREPROCESSOR_DEFINITIONS = (
					"DEBUG=1",
					"$(inherited)",
				);
				GCC_WARN_64_TO_32_BIT_CONVERSION = YES;
				GCC_WARN_ABOUT_RETURN_TYPE = YES_ERROR;
				GCC_WARN_UNDECLARED_SELECTOR = YES;
				GCC_WARN_UNINITIALIZED_AUTOS = YES_AGGRESSIVE;
				GCC_WARN_UNUSED_FUNCTION = YES;
				GCC_WARN_UNUSED_VARIABLE = YES;
				MTL_ENABLE_DEBUG_INFO = INCLUDE_SOURCE;
				MTL_FAST_MATH = YES;
				ONLY_ACTIVE_ARCH = YES;
				SWIFT_ACTIVE_COMPILATION_CONDITIONS = DEBUG;
				SWIFT_OPTIMIZATION_LEVEL = "-Onone";
			};
			name = Debug;
		};
		7AD5C80029E0F78D00FAE06E /* Release */ = {
			isa = XCBuildConfiguration;
			buildSettings = {
				ALWAYS_SEARCH_USER_PATHS = NO;
				CLANG_ANALYZER_NONNULL = YES;
				CLANG_ANALYZER_NUMBER_OBJECT_CONVERSION = YES_AGGRESSIVE;
				CLANG_CXX_LANGUAGE_STANDARD = "gnu++20";
				CLANG_ENABLE_MODULES = YES;
				CLANG_ENABLE_OBJC_ARC = YES;
				CLANG_ENABLE_OBJC_WEAK = YES;
				CLANG_WARN_BLOCK_CAPTURE_AUTORELEASING = YES;
				CLANG_WARN_BOOL_CONVERSION = YES;
				CLANG_WARN_COMMA = YES;
				CLANG_WARN_CONSTANT_CONVERSION = YES;
				CLANG_WARN_DEPRECATED_OBJC_IMPLEMENTATIONS = YES;
				CLANG_WARN_DIRECT_OBJC_ISA_USAGE = YES_ERROR;
				CLANG_WARN_DOCUMENTATION_COMMENTS = YES;
				CLANG_WARN_EMPTY_BODY = YES;
				CLANG_WARN_ENUM_CONVERSION = YES;
				CLANG_WARN_INFINITE_RECURSION = YES;
				CLANG_WARN_INT_CONVERSION = YES;
				CLANG_WARN_NON_LITERAL_NULL_CONVERSION = YES;
				CLANG_WARN_OBJC_IMPLICIT_RETAIN_SELF = YES;
				CLANG_WARN_OBJC_LITERAL_CONVERSION = YES;
				CLANG_WARN_OBJC_ROOT_CLASS = YES_ERROR;
				CLANG_WARN_QUOTED_INCLUDE_IN_FRAMEWORK_HEADER = YES;
				CLANG_WARN_RANGE_LOOP_ANALYSIS = YES;
				CLANG_WARN_STRICT_PROTOTYPES = YES;
				CLANG_WARN_SUSPICIOUS_MOVE = YES;
				CLANG_WARN_UNGUARDED_AVAILABILITY = YES_AGGRESSIVE;
				CLANG_WARN_UNREACHABLE_CODE = YES;
				CLANG_WARN__DUPLICATE_METHOD_MATCH = YES;
				COPY_PHASE_STRIP = NO;
				DEBUG_INFORMATION_FORMAT = "dwarf-with-dsym";
				ENABLE_NS_ASSERTIONS = NO;
				ENABLE_STRICT_OBJC_MSGSEND = YES;
				GCC_C_LANGUAGE_STANDARD = gnu11;
				GCC_NO_COMMON_BLOCKS = YES;
				GCC_WARN_64_TO_32_BIT_CONVERSION = YES;
				GCC_WARN_ABOUT_RETURN_TYPE = YES_ERROR;
				GCC_WARN_UNDECLARED_SELECTOR = YES;
				GCC_WARN_UNINITIALIZED_AUTOS = YES_AGGRESSIVE;
				GCC_WARN_UNUSED_FUNCTION = YES;
				GCC_WARN_UNUSED_VARIABLE = YES;
				MTL_ENABLE_DEBUG_INFO = NO;
				MTL_FAST_MATH = YES;
				SWIFT_COMPILATION_MODE = wholemodule;
				SWIFT_OPTIMIZATION_LEVEL = "-O";
			};
			name = Release;
		};
		7AD5C80229E0F78D00FAE06E /* Debug */ = {
			isa = XCBuildConfiguration;
			buildSettings = {
				ASSETCATALOG_COMPILER_APPICON_NAME = AppIcon;
				ASSETCATALOG_COMPILER_GLOBAL_ACCENT_COLOR_NAME = AccentColor;
				CODE_SIGN_ENTITLEMENTS = FormulaOneAppAR/FormulaOneAppAR.entitlements;
				CODE_SIGN_STYLE = Automatic;
				CURRENT_PROJECT_VERSION = 1;
				DEVELOPMENT_ASSET_PATHS = "\"FormulaOneAppAR/Preview Content\"";
				ENABLE_PREVIEWS = YES;
				GENERATE_INFOPLIST_FILE = YES;
				"INFOPLIST_KEY_UIApplicationSceneManifest_Generation[sdk=iphoneos*]" = YES;
				"INFOPLIST_KEY_UIApplicationSceneManifest_Generation[sdk=iphonesimulator*]" = YES;
				"INFOPLIST_KEY_UIApplicationSupportsIndirectInputEvents[sdk=iphoneos*]" = YES;
				"INFOPLIST_KEY_UIApplicationSupportsIndirectInputEvents[sdk=iphonesimulator*]" = YES;
				"INFOPLIST_KEY_UILaunchScreen_Generation[sdk=iphoneos*]" = YES;
				"INFOPLIST_KEY_UILaunchScreen_Generation[sdk=iphonesimulator*]" = YES;
				"INFOPLIST_KEY_UIStatusBarStyle[sdk=iphoneos*]" = UIStatusBarStyleDefault;
				"INFOPLIST_KEY_UIStatusBarStyle[sdk=iphonesimulator*]" = UIStatusBarStyleDefault;
				INFOPLIST_KEY_UISupportedInterfaceOrientations_iPad = "UIInterfaceOrientationPortrait UIInterfaceOrientationPortraitUpsideDown UIInterfaceOrientationLandscapeLeft UIInterfaceOrientationLandscapeRight";
				INFOPLIST_KEY_UISupportedInterfaceOrientations_iPhone = "UIInterfaceOrientationPortrait UIInterfaceOrientationLandscapeLeft UIInterfaceOrientationLandscapeRight";
				IPHONEOS_DEPLOYMENT_TARGET = 16.2;
				LD_RUNPATH_SEARCH_PATHS = "@executable_path/Frameworks";
				"LD_RUNPATH_SEARCH_PATHS[sdk=macosx*]" = "@executable_path/../Frameworks";
				MACOSX_DEPLOYMENT_TARGET = 12.5;
				MARKETING_VERSION = 1.0;
				PRODUCT_BUNDLE_IDENTIFIER = com.esprit.FormulaOneAppAR;
				PRODUCT_NAME = "$(TARGET_NAME)";
				SDKROOT = auto;
				SUPPORTED_PLATFORMS = "iphoneos iphonesimulator macosx";
				SWIFT_EMIT_LOC_STRINGS = YES;
				SWIFT_VERSION = 5.0;
				TARGETED_DEVICE_FAMILY = "1,2";
			};
			name = Debug;
		};
		7AD5C80329E0F78D00FAE06E /* Release */ = {
			isa = XCBuildConfiguration;
			buildSettings = {
				ASSETCATALOG_COMPILER_APPICON_NAME = AppIcon;
				ASSETCATALOG_COMPILER_GLOBAL_ACCENT_COLOR_NAME = AccentColor;
				CODE_SIGN_ENTITLEMENTS = FormulaOneAppAR/FormulaOneAppAR.entitlements;
				CODE_SIGN_STYLE = Automatic;
				CURRENT_PROJECT_VERSION = 1;
				DEVELOPMENT_ASSET_PATHS = "\"FormulaOneAppAR/Preview Content\"";
				ENABLE_PREVIEWS = YES;
				GENERATE_INFOPLIST_FILE = YES;
				"INFOPLIST_KEY_UIApplicationSceneManifest_Generation[sdk=iphoneos*]" = YES;
				"INFOPLIST_KEY_UIApplicationSceneManifest_Generation[sdk=iphonesimulator*]" = YES;
				"INFOPLIST_KEY_UIApplicationSupportsIndirectInputEvents[sdk=iphoneos*]" = YES;
				"INFOPLIST_KEY_UIApplicationSupportsIndirectInputEvents[sdk=iphonesimulator*]" = YES;
				"INFOPLIST_KEY_UILaunchScreen_Generation[sdk=iphoneos*]" = YES;
				"INFOPLIST_KEY_UILaunchScreen_Generation[sdk=iphonesimulator*]" = YES;
				"INFOPLIST_KEY_UIStatusBarStyle[sdk=iphoneos*]" = UIStatusBarStyleDefault;
				"INFOPLIST_KEY_UIStatusBarStyle[sdk=iphonesimulator*]" = UIStatusBarStyleDefault;
				INFOPLIST_KEY_UISupportedInterfaceOrientations_iPad = "UIInterfaceOrientationPortrait UIInterfaceOrientationPortraitUpsideDown UIInterfaceOrientationLandscapeLeft UIInterfaceOrientationLandscapeRight";
				INFOPLIST_KEY_UISupportedInterfaceOrientations_iPhone = "UIInterfaceOrientationPortrait UIInterfaceOrientationLandscapeLeft UIInterfaceOrientationLandscapeRight";
				IPHONEOS_DEPLOYMENT_TARGET = 16.2;
				LD_RUNPATH_SEARCH_PATHS = "@executable_path/Frameworks";
				"LD_RUNPATH_SEARCH_PATHS[sdk=macosx*]" = "@executable_path/../Frameworks";
				MACOSX_DEPLOYMENT_TARGET = 12.5;
				MARKETING_VERSION = 1.0;
				PRODUCT_BUNDLE_IDENTIFIER = com.esprit.FormulaOneAppAR;
				PRODUCT_NAME = "$(TARGET_NAME)";
				SDKROOT = auto;
				SUPPORTED_PLATFORMS = "iphoneos iphonesimulator macosx";
				SWIFT_EMIT_LOC_STRINGS = YES;
				SWIFT_VERSION = 5.0;
				TARGETED_DEVICE_FAMILY = "1,2";
			};
			name = Release;
		};
		7AD5C80529E0F78D00FAE06E /* Debug */ = {
			isa = XCBuildConfiguration;
			buildSettings = {
				ALWAYS_EMBED_SWIFT_STANDARD_LIBRARIES = YES;
				BUNDLE_LOADER = "$(TEST_HOST)";
				CODE_SIGN_STYLE = Automatic;
				CURRENT_PROJECT_VERSION = 1;
				GENERATE_INFOPLIST_FILE = YES;
				IPHONEOS_DEPLOYMENT_TARGET = 16.2;
				MACOSX_DEPLOYMENT_TARGET = 12.5;
				MARKETING_VERSION = 1.0;
				PRODUCT_BUNDLE_IDENTIFIER = com.esprit.FormulaOneAppARTests;
				PRODUCT_NAME = "$(TARGET_NAME)";
				SDKROOT = auto;
				SUPPORTED_PLATFORMS = "iphoneos iphonesimulator macosx";
				SWIFT_EMIT_LOC_STRINGS = NO;
				SWIFT_VERSION = 5.0;
				TARGETED_DEVICE_FAMILY = "1,2";
				TEST_HOST = "$(BUILT_PRODUCTS_DIR)/FormulaOneAppAR.app/$(BUNDLE_EXECUTABLE_FOLDER_PATH)/FormulaOneAppAR";
			};
			name = Debug;
		};
		7AD5C80629E0F78D00FAE06E /* Release */ = {
			isa = XCBuildConfiguration;
			buildSettings = {
				ALWAYS_EMBED_SWIFT_STANDARD_LIBRARIES = YES;
				BUNDLE_LOADER = "$(TEST_HOST)";
				CODE_SIGN_STYLE = Automatic;
				CURRENT_PROJECT_VERSION = 1;
				GENERATE_INFOPLIST_FILE = YES;
				IPHONEOS_DEPLOYMENT_TARGET = 16.2;
				MACOSX_DEPLOYMENT_TARGET = 12.5;
				MARKETING_VERSION = 1.0;
				PRODUCT_BUNDLE_IDENTIFIER = com.esprit.FormulaOneAppARTests;
				PRODUCT_NAME = "$(TARGET_NAME)";
				SDKROOT = auto;
				SUPPORTED_PLATFORMS = "iphoneos iphonesimulator macosx";
				SWIFT_EMIT_LOC_STRINGS = NO;
				SWIFT_VERSION = 5.0;
				TARGETED_DEVICE_FAMILY = "1,2";
				TEST_HOST = "$(BUILT_PRODUCTS_DIR)/FormulaOneAppAR.app/$(BUNDLE_EXECUTABLE_FOLDER_PATH)/FormulaOneAppAR";
			};
			name = Release;
		};
		7AD5C80829E0F78D00FAE06E /* Debug */ = {
			isa = XCBuildConfiguration;
			buildSettings = {
				ALWAYS_EMBED_SWIFT_STANDARD_LIBRARIES = YES;
				CODE_SIGN_STYLE = Automatic;
				CURRENT_PROJECT_VERSION = 1;
				GENERATE_INFOPLIST_FILE = YES;
				IPHONEOS_DEPLOYMENT_TARGET = 16.2;
				MACOSX_DEPLOYMENT_TARGET = 12.5;
				MARKETING_VERSION = 1.0;
				PRODUCT_BUNDLE_IDENTIFIER = com.esprit.FormulaOneAppARUITests;
				PRODUCT_NAME = "$(TARGET_NAME)";
				SDKROOT = auto;
				SUPPORTED_PLATFORMS = "iphoneos iphonesimulator macosx";
				SWIFT_EMIT_LOC_STRINGS = NO;
				SWIFT_VERSION = 5.0;
				TARGETED_DEVICE_FAMILY = "1,2";
				TEST_TARGET_NAME = FormulaOneAppAR;
			};
			name = Debug;
		};
		7AD5C80929E0F78D00FAE06E /* Release */ = {
			isa = XCBuildConfiguration;
			buildSettings = {
				ALWAYS_EMBED_SWIFT_STANDARD_LIBRARIES = YES;
				CODE_SIGN_STYLE = Automatic;
				CURRENT_PROJECT_VERSION = 1;
				GENERATE_INFOPLIST_FILE = YES;
				IPHONEOS_DEPLOYMENT_TARGET = 16.2;
				MACOSX_DEPLOYMENT_TARGET = 12.5;
				MARKETING_VERSION = 1.0;
				PRODUCT_BUNDLE_IDENTIFIER = com.esprit.FormulaOneAppARUITests;
				PRODUCT_NAME = "$(TARGET_NAME)";
				SDKROOT = auto;
				SUPPORTED_PLATFORMS = "iphoneos iphonesimulator macosx";
				SWIFT_EMIT_LOC_STRINGS = NO;
				SWIFT_VERSION = 5.0;
				TARGETED_DEVICE_FAMILY = "1,2";
				TEST_TARGET_NAME = FormulaOneAppAR;
			};
			name = Release;
		};
/* End XCBuildConfiguration section */

/* Begin XCConfigurationList section */
		7AD5C7D229E0F78A00FAE06E /* Build configuration list for PBXProject "FormulaOneAppAR" */ = {
			isa = XCConfigurationList;
			buildConfigurations = (
				7AD5C7FF29E0F78D00FAE06E /* Debug */,
				7AD5C80029E0F78D00FAE06E /* Release */,
			);
			defaultConfigurationIsVisible = 0;
			defaultConfigurationName = Release;
		};
		7AD5C80129E0F78D00FAE06E /* Build configuration list for PBXNativeTarget "FormulaOneAppAR" */ = {
			isa = XCConfigurationList;
			buildConfigurations = (
				7AD5C80229E0F78D00FAE06E /* Debug */,
				7AD5C80329E0F78D00FAE06E /* Release */,
			);
			defaultConfigurationIsVisible = 0;
			defaultConfigurationName = Release;
		};
		7AD5C80429E0F78D00FAE06E /* Build configuration list for PBXNativeTarget "FormulaOneAppARTests" */ = {
			isa = XCConfigurationList;
			buildConfigurations = (
				7AD5C80529E0F78D00FAE06E /* Debug */,
				7AD5C80629E0F78D00FAE06E /* Release */,
			);
			defaultConfigurationIsVisible = 0;
			defaultConfigurationName = Release;
		};
		7AD5C80729E0F78D00FAE06E /* Build configuration list for PBXNativeTarget "FormulaOneAppARUITests" */ = {
			isa = XCConfigurationList;
			buildConfigurations = (
				7AD5C80829E0F78D00FAE06E /* Debug */,
				7AD5C80929E0F78D00FAE06E /* Release */,
			);
			defaultConfigurationIsVisible = 0;
			defaultConfigurationName = Release;
		};
/* End XCConfigurationList section */

/* Begin XCVersionGroup section */
		7AD5C7DE29E0F78B00FAE06E /* FormulaOneAppAR.xcdatamodeld */ = {
			isa = XCVersionGroup;
			children = (
				7AD5C7DF29E0F78B00FAE06E /* FormulaOneAppAR.xcdatamodel */,
			);
			currentVersion = 7AD5C7DF29E0F78B00FAE06E /* FormulaOneAppAR.xcdatamodel */;
			path = FormulaOneAppAR.xcdatamodeld;
			sourceTree = "<group>";
			versionGroupType = wrapper.xcdatamodel;
		};
/* End XCVersionGroup section */
	};
	rootObject = 7AD5C7CF29E0F78A00FAE06E /* Project object */;
}
